Microsoft Visual Studio Solution File, Format Version 12.00
# Visual Studio 15
Project("{2150E333-8FDC-42A3-9474-1A3956D46DE8}") = "CMakePredefinedTargets", "CMakePredefinedTargets", "{B49AA00E-616C-3587-99A3-3898DA6E8683}"
EndProject
Project("{2150E333-8FDC-42A3-9474-1A3956D46DE8}") = "GLFW3", "GLFW3", "{E25924C9-6826-311A-9147-844A8AB8CF99}"
EndProject
Project("{2150E333-8FDC-42A3-9474-1A3956D46DE8}") = "Examples", "GLFW3\Examples", "{FE021908-79EB-339B-82F2-5866B9F41114}"
EndProject
Project("{2150E333-8FDC-42A3-9474-1A3956D46DE8}") = "Tests", "GLFW3\Tests", "{CAF66CD5-DF98-3BE3-BC3A-F75E85CFEFA9}"
EndProject
Project("{8BC9CEB8-8B4A-11D0-8D11-00A0C91BC942}") = "ALL_BUILD", "ALL_BUILD.vcxproj", "{A49B9D33-FAEC-356A-81B9-A4D09003A6FB}"
	ProjectSection(ProjectDependencies) = postProject
		{5EB51523-3C90-3540-82EF-8DE39543F533} = {5EB51523-3C90-3540-82EF-8DE39543F533}
		{E95641B1-BE04-34FF-8D1D-652860EA0D6E} = {E95641B1-BE04-34FF-8D1D-652860EA0D6E}
		{E078D070-7C97-3A68-8F81-B5BD1BA3F9B0} = {E078D070-7C97-3A68-8F81-B5BD1BA3F9B0}
		{F7499E9D-4660-3E8B-A476-8FA34289CEFA} = {F7499E9D-4660-3E8B-A476-8FA34289CEFA}
		{E5BA368A-ABE9-3C34-8B35-B71206BDB25E} = {E5BA368A-ABE9-3C34-8B35-B71206BDB25E}
		{EE3B462F-DF5E-39CB-9BD7-E8F3F8406A25} = {EE3B462F-DF5E-39CB-9BD7-E8F3F8406A25}
		{7509C019-7C93-3641-8E2D-974B2B22037E} = {7509C019-7C93-3641-8E2D-974B2B22037E}
		{D52B6874-E198-36CC-8D1F-1A0EFB07E1FF} = {D52B6874-E198-36CC-8D1F-1A0EFB07E1FF}
		{AC206D97-3E57-379E-8817-A2136D5E74C8} = {AC206D97-3E57-379E-8817-A2136D5E74C8}
		{157D2432-D26A-3BF4-A850-A6E8D989ADF2} = {157D2432-D26A-3BF4-A850-A6E8D989ADF2}
		{501D2988-4ACA-3AD8-86B2-A88BA5EB2E1E} = {501D2988-4ACA-3AD8-86B2-A88BA5EB2E1E}
		{AF6CA455-A768-3866-A759-2591AAC109E1} = {AF6CA455-A768-3866-A759-2591AAC109E1}
		{AEBFE048-A695-30E4-97AB-D5EF43894D7B} = {AEBFE048-A695-30E4-97AB-D5EF43894D7B}
		{4857D6BA-DFD1-3B1D-93D4-39B0D01E717F} = {4857D6BA-DFD1-3B1D-93D4-39B0D01E717F}
		{348445AE-04D9-3175-81D1-F118CBF79C5A} = {348445AE-04D9-3175-81D1-F118CBF79C5A}
		{56CC0675-FA9A-3B76-9264-FBED8FC13D76} = {56CC0675-FA9A-3B76-9264-FBED8FC13D76}
		{BEDC7A01-F7A2-3622-9F89-1DC01A88B281} = {BEDC7A01-F7A2-3622-9F89-1DC01A88B281}
		{E46515D0-69CC-361C-9DAF-33FBD704EB02} = {E46515D0-69CC-361C-9DAF-33FBD704EB02}
		{4408DFD4-4C17-3D09-ADBC-0488C1EB2379} = {4408DFD4-4C17-3D09-ADBC-0488C1EB2379}
		{5D1D39BB-CDB9-3E08-B4CA-147F75354A32} = {5D1D39BB-CDB9-3E08-B4CA-147F75354A32}
		{E91DD808-DC4A-3189-ABBF-4130CCF6D2B1} = {E91DD808-DC4A-3189-ABBF-4130CCF6D2B1}
		{AC9B1C68-A9CB-3805-B567-79A98509CC98} = {AC9B1C68-A9CB-3805-B567-79A98509CC98}
		{2D9206C3-C06A-32AC-90BC-098CCF45E9BF} = {2D9206C3-C06A-32AC-90BC-098CCF45E9BF}
		{60ABBE92-AD2E-3D9E-B645-33D9802D729C} = {60ABBE92-AD2E-3D9E-B645-33D9802D729C}
		{56A6AAF6-4C3A-3164-8778-68F01D70F724} = {56A6AAF6-4C3A-3164-8778-68F01D70F724}
		{F6990E41-3D2F-30AB-ACFC-E190BA3F9FDB} = {F6990E41-3D2F-30AB-ACFC-E190BA3F9FDB}
		{D93FB27A-4971-3BFD-A420-557F3B75C7E9} = {D93FB27A-4971-3BFD-A420-557F3B75C7E9}
		{B0DB5633-1859-3709-96E6-0D49D42514C4} = {B0DB5633-1859-3709-96E6-0D49D42514C4}
		{5933854E-DF14-3773-ABAB-8E2613FCD174} = {5933854E-DF14-3773-ABAB-8E2613FCD174}
		{691A6280-E75D-3815-B4E1-9FBE0C15D51F} = {691A6280-E75D-3815-B4E1-9FBE0C15D51F}
		{F187B04F-8379-3722-8A7A-0B6160C8C6E8} = {F187B04F-8379-3722-8A7A-0B6160C8C6E8}
		{1279F5C6-1CFE-31D5-9207-18DE8A0875B9} = {1279F5C6-1CFE-31D5-9207-18DE8A0875B9}
		{C0A5FFA7-42C1-37FA-BDC6-52D7B2B588FA} = {C0A5FFA7-42C1-37FA-BDC6-52D7B2B588FA}
		{6EE5AE06-B763-32EC-B1D8-A8923AFD1C66} = {6EE5AE06-B763-32EC-B1D8-A8923AFD1C66}
		{661E53B9-21AD-3E7A-82B2-7D357BD67CEA} = {661E53B9-21AD-3E7A-82B2-7D357BD67CEA}
		{FEBF58C8-622D-3915-8C84-3B076844082F} = {FEBF58C8-622D-3915-8C84-3B076844082F}
		{2B286824-B780-30B8-9987-72918664EA0F} = {2B286824-B780-30B8-9987-72918664EA0F}
		{D7BA8F3B-136B-3B4D-9D08-FCADF1E89FFC} = {D7BA8F3B-136B-3B4D-9D08-FCADF1E89FFC}
		{EEE7CA9D-71C2-3201-B945-7582362B09A4} = {EEE7CA9D-71C2-3201-B945-7582362B09A4}
		{16641E05-CE7B-377D-94FE-1137FF012F15} = {16641E05-CE7B-377D-94FE-1137FF012F15}
		{C47F4000-0553-37CF-BE15-46AA37656A2F} = {C47F4000-0553-37CF-BE15-46AA37656A2F}
		{3166FDAB-B1EE-381D-A77E-C45735A3251E} = {3166FDAB-B1EE-381D-A77E-C45735A3251E}
		{8B548DAA-3EE2-3FE9-9AE3-68DAE89F89B1} = {8B548DAA-3EE2-3FE9-9AE3-68DAE89F89B1}
		{6BC07939-797F-3731-93FB-365CC1DAAD01} = {6BC07939-797F-3731-93FB-365CC1DAAD01}
		{DDB456DB-E37A-35D4-A1C8-CE8A6404069E} = {DDB456DB-E37A-35D4-A1C8-CE8A6404069E}
		{DE706FA0-BE60-3BE5-B52B-21BAAE133CB4} = {DE706FA0-BE60-3BE5-B52B-21BAAE133CB4}
		{D8E49ED4-E7CF-3047-9BAF-4F82477AC299} = {D8E49ED4-E7CF-3047-9BAF-4F82477AC299}
		{75DDB3E7-A058-3499-8CB0-BD3EC2907D26} = {75DDB3E7-A058-3499-8CB0-BD3EC2907D26}
		{640B77EC-4A09-339B-A889-59F2E631C4B9} = {640B77EC-4A09-339B-A889-59F2E631C4B9}
		{E04D0ABC-22AD-3C28-B0AB-EABC6BA5957B} = {E04D0ABC-22AD-3C28-B0AB-EABC6BA5957B}
		{FDFC8F68-DFEE-3BD2-8CEE-447A98C3805C} = {FDFC8F68-DFEE-3BD2-8CEE-447A98C3805C}
		{E24608E8-F5F1-36D4-9242-72DAD58C9759} = {E24608E8-F5F1-36D4-9242-72DAD58C9759}
		{8730CE0B-D229-32EC-A051-9A500D73F058} = {8730CE0B-D229-32EC-A051-9A500D73F058}
		{03D7D3E9-59AC-3DE9-90C9-BD4C6726B864} = {03D7D3E9-59AC-3DE9-90C9-BD4C6726B864}
		{7B6F3DC3-21F5-314D-AD76-0E00ED59F13E} = {7B6F3DC3-21F5-314D-AD76-0E00ED59F13E}
		{39BB8F73-75CD-3146-AF6E-545982FA87EE} = {39BB8F73-75CD-3146-AF6E-545982FA87EE}
		{8E014555-1C4A-3726-B32F-7D37A7684596} = {8E014555-1C4A-3726-B32F-7D37A7684596}
		{66E8521C-6BBD-3A56-88AD-3B4CAD44078D} = {66E8521C-6BBD-3A56-88AD-3B4CAD44078D}
		{2041A8B8-9EA1-3BD4-B97C-11B3B79FC764} = {2041A8B8-9EA1-3BD4-B97C-11B3B79FC764}
	EndProjectSection
EndProject
Project("{8BC9CEB8-8B4A-11D0-8D11-00A0C91BC942}") = "ANTTWEAKBAR_116_OGLCORE_GLFW", "external\ANTTWEAKBAR_116_OGLCORE_GLFW.vcxproj", "{5EB51523-3C90-3540-82EF-8DE39543F533}"
	ProjectSection(ProjectDependencies) = postProject
		{7509C019-7C93-3641-8E2D-974B2B22037E} = {7509C019-7C93-3641-8E2D-974B2B22037E}
	EndProjectSection
EndProject
Project("{8BC9CEB8-8B4A-11D0-8D11-00A0C91BC942}") = "BulletCollision", "external\bullet-2.81-rev2613\src\BulletCollision\BulletCollision.vcxproj", "{E95641B1-BE04-34FF-8D1D-652860EA0D6E}"
	ProjectSection(ProjectDependencies) = postProject
		{7509C019-7C93-3641-8E2D-974B2B22037E} = {7509C019-7C93-3641-8E2D-974B2B22037E}
	EndProjectSection
EndProject
Project("{8BC9CEB8-8B4A-11D0-8D11-00A0C91BC942}") = "BulletDynamics", "external\bullet-2.81-rev2613\src\BulletDynamics\BulletDynamics.vcxproj", "{E078D070-7C97-3A68-8F81-B5BD1BA3F9B0}"
	ProjectSection(ProjectDependencies) = postProject
		{7509C019-7C93-3641-8E2D-974B2B22037E} = {7509C019-7C93-3641-8E2D-974B2B22037E}
	EndProjectSection
EndProject
Project("{8BC9CEB8-8B4A-11D0-8D11-00A0C91BC942}") = "BulletSoftBody", "external\bullet-2.81-rev2613\src\BulletSoftBody\BulletSoftBody.vcxproj", "{F7499E9D-4660-3E8B-A476-8FA34289CEFA}"
	ProjectSection(ProjectDependencies) = postProject
		{7509C019-7C93-3641-8E2D-974B2B22037E} = {7509C019-7C93-3641-8E2D-974B2B22037E}
	EndProjectSection
EndProject
Project("{8BC9CEB8-8B4A-11D0-8D11-00A0C91BC942}") = "GLEW_1130", "external\GLEW_1130.vcxproj", "{E5BA368A-ABE9-3C34-8B35-B71206BDB25E}"
	ProjectSection(ProjectDependencies) = postProject
		{7509C019-7C93-3641-8E2D-974B2B22037E} = {7509C019-7C93-3641-8E2D-974B2B22037E}
	EndProjectSection
EndProject
Project("{8BC9CEB8-8B4A-11D0-8D11-00A0C91BC942}") = "INSTALL", "INSTALL.vcxproj", "{1F1A5225-2EAC-355E-B73E-B112582F5CD1}"
	ProjectSection(ProjectDependencies) = postProject
		{A49B9D33-FAEC-356A-81B9-A4D09003A6FB} = {A49B9D33-FAEC-356A-81B9-A4D09003A6FB}
		{7509C019-7C93-3641-8E2D-974B2B22037E} = {7509C019-7C93-3641-8E2D-974B2B22037E}
	EndProjectSection
EndProject
Project("{8BC9CEB8-8B4A-11D0-8D11-00A0C91BC942}") = "LinearMath", "external\bullet-2.81-rev2613\src\LinearMath\LinearMath.vcxproj", "{EE3B462F-DF5E-39CB-9BD7-E8F3F8406A25}"
	ProjectSection(ProjectDependencies) = postProject
		{7509C019-7C93-3641-8E2D-974B2B22037E} = {7509C019-7C93-3641-8E2D-974B2B22037E}
	EndProjectSection
EndProject
Project("{8BC9CEB8-8B4A-11D0-8D11-00A0C91BC942}") = "ZERO_CHECK", "ZERO_CHECK.vcxproj", "{7509C019-7C93-3641-8E2D-974B2B22037E}"
	ProjectSection(ProjectDependencies) = postProject
	EndProjectSection
EndProject
Project("{8BC9CEB8-8B4A-11D0-8D11-00A0C91BC942}") = "assimp", "external\assimp-3.0.1270\code\assimp.vcxproj", "{D52B6874-E198-36CC-8D1F-1A0EFB07E1FF}"
	ProjectSection(ProjectDependencies) = postProject
		{7509C019-7C93-3641-8E2D-974B2B22037E} = {7509C019-7C93-3641-8E2D-974B2B22037E}
		{2041A8B8-9EA1-3BD4-B97C-11B3B79FC764} = {2041A8B8-9EA1-3BD4-B97C-11B3B79FC764}
	EndProjectSection
EndProject
Project("{8BC9CEB8-8B4A-11D0-8D11-00A0C91BC942}") = "boing", "external\glfw-3.1.2\examples\boing.vcxproj", "{AC206D97-3E57-379E-8817-A2136D5E74C8}"
	ProjectSection(ProjectDependencies) = postProject
		{7509C019-7C93-3641-8E2D-974B2B22037E} = {7509C019-7C93-3641-8E2D-974B2B22037E}
		{56CC0675-FA9A-3B76-9264-FBED8FC13D76} = {56CC0675-FA9A-3B76-9264-FBED8FC13D76}
	EndProjectSection
EndProject
Project("{8BC9CEB8-8B4A-11D0-8D11-00A0C91BC942}") = "clipboard", "external\glfw-3.1.2\tests\clipboard.vcxproj", "{157D2432-D26A-3BF4-A850-A6E8D989ADF2}"
	ProjectSection(ProjectDependencies) = postProject
		{7509C019-7C93-3641-8E2D-974B2B22037E} = {7509C019-7C93-3641-8E2D-974B2B22037E}
		{56CC0675-FA9A-3B76-9264-FBED8FC13D76} = {56CC0675-FA9A-3B76-9264-FBED8FC13D76}
	EndProjectSection
EndProject
Project("{8BC9CEB8-8B4A-11D0-8D11-00A0C91BC942}") = "cursor", "external\glfw-3.1.2\tests\cursor.vcxproj", "{501D2988-4ACA-3AD8-86B2-A88BA5EB2E1E}"
	ProjectSection(ProjectDependencies) = postProject
		{7509C019-7C93-3641-8E2D-974B2B22037E} = {7509C019-7C93-3641-8E2D-974B2B22037E}
		{56CC0675-FA9A-3B76-9264-FBED8FC13D76} = {56CC0675-FA9A-3B76-9264-FBED8FC13D76}
	EndProjectSection
EndProject
Project("{8BC9CEB8-8B4A-11D0-8D11-00A0C91BC942}") = "empty", "external\glfw-3.1.2\tests\empty.vcxproj", "{AF6CA455-A768-3866-A759-2591AAC109E1}"
	ProjectSection(ProjectDependencies) = postProject
		{7509C019-7C93-3641-8E2D-974B2B22037E} = {7509C019-7C93-3641-8E2D-974B2B22037E}
		{56CC0675-FA9A-3B76-9264-FBED8FC13D76} = {56CC0675-FA9A-3B76-9264-FBED8FC13D76}
	EndProjectSection
EndProject
Project("{8BC9CEB8-8B4A-11D0-8D11-00A0C91BC942}") = "events", "external\glfw-3.1.2\tests\events.vcxproj", "{AEBFE048-A695-30E4-97AB-D5EF43894D7B}"
	ProjectSection(ProjectDependencies) = postProject
		{7509C019-7C93-3641-8E2D-974B2B22037E} = {7509C019-7C93-3641-8E2D-974B2B22037E}
		{56CC0675-FA9A-3B76-9264-FBED8FC13D76} = {56CC0675-FA9A-3B76-9264-FBED8FC13D76}
	EndProjectSection
EndProject
Project("{8BC9CEB8-8B4A-11D0-8D11-00A0C91BC942}") = "gamma", "external\glfw-3.1.2\tests\gamma.vcxproj", "{4857D6BA-DFD1-3B1D-93D4-39B0D01E717F}"
	ProjectSection(ProjectDependencies) = postProject
		{7509C019-7C93-3641-8E2D-974B2B22037E} = {7509C019-7C93-3641-8E2D-974B2B22037E}
		{56CC0675-FA9A-3B76-9264-FBED8FC13D76} = {56CC0675-FA9A-3B76-9264-FBED8FC13D76}
	EndProjectSection
EndProject
Project("{8BC9CEB8-8B4A-11D0-8D11-00A0C91BC942}") = "gears", "external\glfw-3.1.2\examples\gears.vcxproj", "{348445AE-04D9-3175-81D1-F118CBF79C5A}"
	ProjectSection(ProjectDependencies) = postProject
		{7509C019-7C93-3641-8E2D-974B2B22037E} = {7509C019-7C93-3641-8E2D-974B2B22037E}
		{56CC0675-FA9A-3B76-9264-FBED8FC13D76} = {56CC0675-FA9A-3B76-9264-FBED8FC13D76}
	EndProjectSection
EndProject
Project("{8BC9CEB8-8B4A-11D0-8D11-00A0C91BC942}") = "glfw", "external\glfw-3.1.2\src\glfw.vcxproj", "{56CC0675-FA9A-3B76-9264-FBED8FC13D76}"
	ProjectSection(ProjectDependencies) = postProject
		{7509C019-7C93-3641-8E2D-974B2B22037E} = {7509C019-7C93-3641-8E2D-974B2B22037E}
	EndProjectSection
EndProject
Project("{8BC9CEB8-8B4A-11D0-8D11-00A0C91BC942}") = "glfwinfo", "external\glfw-3.1.2\tests\glfwinfo.vcxproj", "{BEDC7A01-F7A2-3622-9F89-1DC01A88B281}"
	ProjectSection(ProjectDependencies) = postProject
		{7509C019-7C93-3641-8E2D-974B2B22037E} = {7509C019-7C93-3641-8E2D-974B2B22037E}
		{56CC0675-FA9A-3B76-9264-FBED8FC13D76} = {56CC0675-FA9A-3B76-9264-FBED8FC13D76}
	EndProjectSection
EndProject
Project("{8BC9CEB8-8B4A-11D0-8D11-00A0C91BC942}") = "heightmap", "external\glfw-3.1.2\examples\heightmap.vcxproj", "{E46515D0-69CC-361C-9DAF-33FBD704EB02}"
	ProjectSection(ProjectDependencies) = postProject
		{7509C019-7C93-3641-8E2D-974B2B22037E} = {7509C019-7C93-3641-8E2D-974B2B22037E}
		{56CC0675-FA9A-3B76-9264-FBED8FC13D76} = {56CC0675-FA9A-3B76-9264-FBED8FC13D76}
	EndProjectSection
EndProject
Project("{8BC9CEB8-8B4A-11D0-8D11-00A0C91BC942}") = "iconify", "external\glfw-3.1.2\tests\iconify.vcxproj", "{4408DFD4-4C17-3D09-ADBC-0488C1EB2379}"
	ProjectSection(ProjectDependencies) = postProject
		{7509C019-7C93-3641-8E2D-974B2B22037E} = {7509C019-7C93-3641-8E2D-974B2B22037E}
		{56CC0675-FA9A-3B76-9264-FBED8FC13D76} = {56CC0675-FA9A-3B76-9264-FBED8FC13D76}
	EndProjectSection
EndProject
Project("{8BC9CEB8-8B4A-11D0-8D11-00A0C91BC942}") = "joysticks", "external\glfw-3.1.2\tests\joysticks.vcxproj", "{5D1D39BB-CDB9-3E08-B4CA-147F75354A32}"
	ProjectSection(ProjectDependencies) = postProject
		{7509C019-7C93-3641-8E2D-974B2B22037E} = {7509C019-7C93-3641-8E2D-974B2B22037E}
		{56CC0675-FA9A-3B76-9264-FBED8FC13D76} = {56CC0675-FA9A-3B76-9264-FBED8FC13D76}
	EndProjectSection
EndProject
Project("{8BC9CEB8-8B4A-11D0-8D11-00A0C91BC942}") = "misc05_picking_BulletPhysics", "misc05_picking_BulletPhysics.vcxproj", "{E91DD808-DC4A-3189-ABBF-4130CCF6D2B1}"
	ProjectSection(ProjectDependencies) = postProject
		{5EB51523-3C90-3540-82EF-8DE39543F533} = {5EB51523-3C90-3540-82EF-8DE39543F533}
		{E95641B1-BE04-34FF-8D1D-652860EA0D6E} = {E95641B1-BE04-34FF-8D1D-652860EA0D6E}
		{E078D070-7C97-3A68-8F81-B5BD1BA3F9B0} = {E078D070-7C97-3A68-8F81-B5BD1BA3F9B0}
		{E5BA368A-ABE9-3C34-8B35-B71206BDB25E} = {E5BA368A-ABE9-3C34-8B35-B71206BDB25E}
		{EE3B462F-DF5E-39CB-9BD7-E8F3F8406A25} = {EE3B462F-DF5E-39CB-9BD7-E8F3F8406A25}
		{7509C019-7C93-3641-8E2D-974B2B22037E} = {7509C019-7C93-3641-8E2D-974B2B22037E}
		{56CC0675-FA9A-3B76-9264-FBED8FC13D76} = {56CC0675-FA9A-3B76-9264-FBED8FC13D76}
	EndProjectSection
EndProject
Project("{8BC9CEB8-8B4A-11D0-8D11-00A0C91BC942}") = "misc05_picking_custom", "misc05_picking_custom.vcxproj", "{AC9B1C68-A9CB-3805-B567-79A98509CC98}"
	ProjectSection(ProjectDependencies) = postProject
		{5EB51523-3C90-3540-82EF-8DE39543F533} = {5EB51523-3C90-3540-82EF-8DE39543F533}
		{E5BA368A-ABE9-3C34-8B35-B71206BDB25E} = {E5BA368A-ABE9-3C34-8B35-B71206BDB25E}
		{7509C019-7C93-3641-8E2D-974B2B22037E} = {7509C019-7C93-3641-8E2D-974B2B22037E}
		{56CC0675-FA9A-3B76-9264-FBED8FC13D76} = {56CC0675-FA9A-3B76-9264-FBED8FC13D76}
	EndProjectSection
EndProject
Project("{8BC9CEB8-8B4A-11D0-8D11-00A0C91BC942}") = "misc05_picking_slow_easy", "misc05_picking_slow_easy.vcxproj", "{2D9206C3-C06A-32AC-90BC-098CCF45E9BF}"
	ProjectSection(ProjectDependencies) = postProject
		{5EB51523-3C90-3540-82EF-8DE39543F533} = {5EB51523-3C90-3540-82EF-8DE39543F533}
		{E5BA368A-ABE9-3C34-8B35-B71206BDB25E} = {E5BA368A-ABE9-3C34-8B35-B71206BDB25E}
		{7509C019-7C93-3641-8E2D-974B2B22037E} = {7509C019-7C93-3641-8E2D-974B2B22037E}
		{56CC0675-FA9A-3B76-9264-FBED8FC13D76} = {56CC0675-FA9A-3B76-9264-FBED8FC13D76}
	EndProjectSection
EndProject
Project("{8BC9CEB8-8B4A-11D0-8D11-00A0C91BC942}") = "monitors", "external\glfw-3.1.2\tests\monitors.vcxproj", "{60ABBE92-AD2E-3D9E-B645-33D9802D729C}"
	ProjectSection(ProjectDependencies) = postProject
		{7509C019-7C93-3641-8E2D-974B2B22037E} = {7509C019-7C93-3641-8E2D-974B2B22037E}
		{56CC0675-FA9A-3B76-9264-FBED8FC13D76} = {56CC0675-FA9A-3B76-9264-FBED8FC13D76}
	EndProjectSection
EndProject
Project("{8BC9CEB8-8B4A-11D0-8D11-00A0C91BC942}") = "msaa", "external\glfw-3.1.2\tests\msaa.vcxproj", "{56A6AAF6-4C3A-3164-8778-68F01D70F724}"
	ProjectSection(ProjectDependencies) = postProject
		{7509C019-7C93-3641-8E2D-974B2B22037E} = {7509C019-7C93-3641-8E2D-974B2B22037E}
		{56CC0675-FA9A-3B76-9264-FBED8FC13D76} = {56CC0675-FA9A-3B76-9264-FBED8FC13D76}
	EndProjectSection
EndProject
Project("{8BC9CEB8-8B4A-11D0-8D11-00A0C91BC942}") = "particles", "external\glfw-3.1.2\examples\particles.vcxproj", "{F6990E41-3D2F-30AB-ACFC-E190BA3F9FDB}"
	ProjectSection(ProjectDependencies) = postProject
		{7509C019-7C93-3641-8E2D-974B2B22037E} = {7509C019-7C93-3641-8E2D-974B2B22037E}
		{56CC0675-FA9A-3B76-9264-FBED8FC13D76} = {56CC0675-FA9A-3B76-9264-FBED8FC13D76}
	EndProjectSection
EndProject
Project("{8BC9CEB8-8B4A-11D0-8D11-00A0C91BC942}") = "playground", "playground.vcxproj", "{D93FB27A-4971-3BFD-A420-557F3B75C7E9}"
	ProjectSection(ProjectDependencies) = postProject
		{E5BA368A-ABE9-3C34-8B35-B71206BDB25E} = {E5BA368A-ABE9-3C34-8B35-B71206BDB25E}
		{7509C019-7C93-3641-8E2D-974B2B22037E} = {7509C019-7C93-3641-8E2D-974B2B22037E}
		{56CC0675-FA9A-3B76-9264-FBED8FC13D76} = {56CC0675-FA9A-3B76-9264-FBED8FC13D76}
	EndProjectSection
EndProject
Project("{8BC9CEB8-8B4A-11D0-8D11-00A0C91BC942}") = "reopen", "external\glfw-3.1.2\tests\reopen.vcxproj", "{B0DB5633-1859-3709-96E6-0D49D42514C4}"
	ProjectSection(ProjectDependencies) = postProject
		{7509C019-7C93-3641-8E2D-974B2B22037E} = {7509C019-7C93-3641-8E2D-974B2B22037E}
		{56CC0675-FA9A-3B76-9264-FBED8FC13D76} = {56CC0675-FA9A-3B76-9264-FBED8FC13D76}
	EndProjectSection
EndProject
Project("{8BC9CEB8-8B4A-11D0-8D11-00A0C91BC942}") = "sharing", "external\glfw-3.1.2\tests\sharing.vcxproj", "{5933854E-DF14-3773-ABAB-8E2613FCD174}"
	ProjectSection(ProjectDependencies) = postProject
		{7509C019-7C93-3641-8E2D-974B2B22037E} = {7509C019-7C93-3641-8E2D-974B2B22037E}
		{56CC0675-FA9A-3B76-9264-FBED8FC13D76} = {56CC0675-FA9A-3B76-9264-FBED8FC13D76}
	EndProjectSection
EndProject
Project("{8BC9CEB8-8B4A-11D0-8D11-00A0C91BC942}") = "simple", "external\glfw-3.1.2\examples\simple.vcxproj", "{691A6280-E75D-3815-B4E1-9FBE0C15D51F}"
	ProjectSection(ProjectDependencies) = postProject
		{7509C019-7C93-3641-8E2D-974B2B22037E} = {7509C019-7C93-3641-8E2D-974B2B22037E}
		{56CC0675-FA9A-3B76-9264-FBED8FC13D76} = {56CC0675-FA9A-3B76-9264-FBED8FC13D76}
	EndProjectSection
EndProject
Project("{8BC9CEB8-8B4A-11D0-8D11-00A0C91BC942}") = "splitview", "external\glfw-3.1.2\examples\splitview.vcxproj", "{F187B04F-8379-3722-8A7A-0B6160C8C6E8}"
	ProjectSection(ProjectDependencies) = postProject
		{7509C019-7C93-3641-8E2D-974B2B22037E} = {7509C019-7C93-3641-8E2D-974B2B22037E}
		{56CC0675-FA9A-3B76-9264-FBED8FC13D76} = {56CC0675-FA9A-3B76-9264-FBED8FC13D76}
	EndProjectSection
EndProject
Project("{8BC9CEB8-8B4A-11D0-8D11-00A0C91BC942}") = "tearing", "external\glfw-3.1.2\tests\tearing.vcxproj", "{1279F5C6-1CFE-31D5-9207-18DE8A0875B9}"
	ProjectSection(ProjectDependencies) = postProject
		{7509C019-7C93-3641-8E2D-974B2B22037E} = {7509C019-7C93-3641-8E2D-974B2B22037E}
		{56CC0675-FA9A-3B76-9264-FBED8FC13D76} = {56CC0675-FA9A-3B76-9264-FBED8FC13D76}
	EndProjectSection
EndProject
Project("{8BC9CEB8-8B4A-11D0-8D11-00A0C91BC942}") = "threads", "external\glfw-3.1.2\tests\threads.vcxproj", "{C0A5FFA7-42C1-37FA-BDC6-52D7B2B588FA}"
	ProjectSection(ProjectDependencies) = postProject
		{7509C019-7C93-3641-8E2D-974B2B22037E} = {7509C019-7C93-3641-8E2D-974B2B22037E}
		{56CC0675-FA9A-3B76-9264-FBED8FC13D76} = {56CC0675-FA9A-3B76-9264-FBED8FC13D76}
	EndProjectSection
EndProject
Project("{8BC9CEB8-8B4A-11D0-8D11-00A0C91BC942}") = "title", "external\glfw-3.1.2\tests\title.vcxproj", "{6EE5AE06-B763-32EC-B1D8-A8923AFD1C66}"
	ProjectSection(ProjectDependencies) = postProject
		{7509C019-7C93-3641-8E2D-974B2B22037E} = {7509C019-7C93-3641-8E2D-974B2B22037E}
		{56CC0675-FA9A-3B76-9264-FBED8FC13D76} = {56CC0675-FA9A-3B76-9264-FBED8FC13D76}
	EndProjectSection
EndProject
Project("{8BC9CEB8-8B4A-11D0-8D11-00A0C91BC942}") = "tutorial01_first_window", "tutorial01_first_window.vcxproj", "{661E53B9-21AD-3E7A-82B2-7D357BD67CEA}"
	ProjectSection(ProjectDependencies) = postProject
		{E5BA368A-ABE9-3C34-8B35-B71206BDB25E} = {E5BA368A-ABE9-3C34-8B35-B71206BDB25E}
		{7509C019-7C93-3641-8E2D-974B2B22037E} = {7509C019-7C93-3641-8E2D-974B2B22037E}
		{56CC0675-FA9A-3B76-9264-FBED8FC13D76} = {56CC0675-FA9A-3B76-9264-FBED8FC13D76}
	EndProjectSection
EndProject
Project("{8BC9CEB8-8B4A-11D0-8D11-00A0C91BC942}") = "tutorial02_red_triangle", "tutorial02_red_triangle.vcxproj", "{FEBF58C8-622D-3915-8C84-3B076844082F}"
	ProjectSection(ProjectDependencies) = postProject
		{E5BA368A-ABE9-3C34-8B35-B71206BDB25E} = {E5BA368A-ABE9-3C34-8B35-B71206BDB25E}
		{7509C019-7C93-3641-8E2D-974B2B22037E} = {7509C019-7C93-3641-8E2D-974B2B22037E}
		{56CC0675-FA9A-3B76-9264-FBED8FC13D76} = {56CC0675-FA9A-3B76-9264-FBED8FC13D76}
	EndProjectSection
EndProject
Project("{8BC9CEB8-8B4A-11D0-8D11-00A0C91BC942}") = "tutorial03_matrices", "tutorial03_matrices.vcxproj", "{2B286824-B780-30B8-9987-72918664EA0F}"
	ProjectSection(ProjectDependencies) = postProject
		{E5BA368A-ABE9-3C34-8B35-B71206BDB25E} = {E5BA368A-ABE9-3C34-8B35-B71206BDB25E}
		{7509C019-7C93-3641-8E2D-974B2B22037E} = {7509C019-7C93-3641-8E2D-974B2B22037E}
		{56CC0675-FA9A-3B76-9264-FBED8FC13D76} = {56CC0675-FA9A-3B76-9264-FBED8FC13D76}
	EndProjectSection
EndProject
Project("{8BC9CEB8-8B4A-11D0-8D11-00A0C91BC942}") = "tutorial04_colored_cube", "tutorial04_colored_cube.vcxproj", "{D7BA8F3B-136B-3B4D-9D08-FCADF1E89FFC}"
	ProjectSection(ProjectDependencies) = postProject
		{E5BA368A-ABE9-3C34-8B35-B71206BDB25E} = {E5BA368A-ABE9-3C34-8B35-B71206BDB25E}
		{7509C019-7C93-3641-8E2D-974B2B22037E} = {7509C019-7C93-3641-8E2D-974B2B22037E}
		{56CC0675-FA9A-3B76-9264-FBED8FC13D76} = {56CC0675-FA9A-3B76-9264-FBED8FC13D76}
	EndProjectSection
EndProject
Project("{8BC9CEB8-8B4A-11D0-8D11-00A0C91BC942}") = "tutorial05_textured_cube", "tutorial05_textured_cube.vcxproj", "{EEE7CA9D-71C2-3201-B945-7582362B09A4}"
	ProjectSection(ProjectDependencies) = postProject
		{E5BA368A-ABE9-3C34-8B35-B71206BDB25E} = {E5BA368A-ABE9-3C34-8B35-B71206BDB25E}
		{7509C019-7C93-3641-8E2D-974B2B22037E} = {7509C019-7C93-3641-8E2D-974B2B22037E}
		{56CC0675-FA9A-3B76-9264-FBED8FC13D76} = {56CC0675-FA9A-3B76-9264-FBED8FC13D76}
	EndProjectSection
EndProject
Project("{8BC9CEB8-8B4A-11D0-8D11-00A0C91BC942}") = "tutorial06_keyboard_and_mouse", "tutorial06_keyboard_and_mouse.vcxproj", "{16641E05-CE7B-377D-94FE-1137FF012F15}"
	ProjectSection(ProjectDependencies) = postProject
		{E5BA368A-ABE9-3C34-8B35-B71206BDB25E} = {E5BA368A-ABE9-3C34-8B35-B71206BDB25E}
		{7509C019-7C93-3641-8E2D-974B2B22037E} = {7509C019-7C93-3641-8E2D-974B2B22037E}
		{56CC0675-FA9A-3B76-9264-FBED8FC13D76} = {56CC0675-FA9A-3B76-9264-FBED8FC13D76}
	EndProjectSection
EndProject
Project("{8BC9CEB8-8B4A-11D0-8D11-00A0C91BC942}") = "tutorial07_model_loading", "tutorial07_model_loading.vcxproj", "{C47F4000-0553-37CF-BE15-46AA37656A2F}"
	ProjectSection(ProjectDependencies) = postProject
		{E5BA368A-ABE9-3C34-8B35-B71206BDB25E} = {E5BA368A-ABE9-3C34-8B35-B71206BDB25E}
		{7509C019-7C93-3641-8E2D-974B2B22037E} = {7509C019-7C93-3641-8E2D-974B2B22037E}
		{56CC0675-FA9A-3B76-9264-FBED8FC13D76} = {56CC0675-FA9A-3B76-9264-FBED8FC13D76}
	EndProjectSection
EndProject
Project("{8BC9CEB8-8B4A-11D0-8D11-00A0C91BC942}") = "tutorial08_basic_shading", "tutorial08_basic_shading.vcxproj", "{3166FDAB-B1EE-381D-A77E-C45735A3251E}"
	ProjectSection(ProjectDependencies) = postProject
		{E5BA368A-ABE9-3C34-8B35-B71206BDB25E} = {E5BA368A-ABE9-3C34-8B35-B71206BDB25E}
		{7509C019-7C93-3641-8E2D-974B2B22037E} = {7509C019-7C93-3641-8E2D-974B2B22037E}
		{56CC0675-FA9A-3B76-9264-FBED8FC13D76} = {56CC0675-FA9A-3B76-9264-FBED8FC13D76}
	EndProjectSection
EndProject
Project("{8BC9CEB8-8B4A-11D0-8D11-00A0C91BC942}") = "tutorial09_AssImp", "tutorial09_AssImp.vcxproj", "{8B548DAA-3EE2-3FE9-9AE3-68DAE89F89B1}"
	ProjectSection(ProjectDependencies) = postProject
		{E5BA368A-ABE9-3C34-8B35-B71206BDB25E} = {E5BA368A-ABE9-3C34-8B35-B71206BDB25E}
		{7509C019-7C93-3641-8E2D-974B2B22037E} = {7509C019-7C93-3641-8E2D-974B2B22037E}
		{D52B6874-E198-36CC-8D1F-1A0EFB07E1FF} = {D52B6874-E198-36CC-8D1F-1A0EFB07E1FF}
		{56CC0675-FA9A-3B76-9264-FBED8FC13D76} = {56CC0675-FA9A-3B76-9264-FBED8FC13D76}
		{2041A8B8-9EA1-3BD4-B97C-11B3B79FC764} = {2041A8B8-9EA1-3BD4-B97C-11B3B79FC764}
	EndProjectSection
EndProject
Project("{8BC9CEB8-8B4A-11D0-8D11-00A0C91BC942}") = "tutorial09_several_objects", "tutorial09_several_objects.vcxproj", "{6BC07939-797F-3731-93FB-365CC1DAAD01}"
	ProjectSection(ProjectDependencies) = postProject
		{E5BA368A-ABE9-3C34-8B35-B71206BDB25E} = {E5BA368A-ABE9-3C34-8B35-B71206BDB25E}
		{7509C019-7C93-3641-8E2D-974B2B22037E} = {7509C019-7C93-3641-8E2D-974B2B22037E}
		{56CC0675-FA9A-3B76-9264-FBED8FC13D76} = {56CC0675-FA9A-3B76-9264-FBED8FC13D76}
	EndProjectSection
EndProject
Project("{8BC9CEB8-8B4A-11D0-8D11-00A0C91BC942}") = "tutorial09_vbo_indexing", "tutorial09_vbo_indexing.vcxproj", "{DDB456DB-E37A-35D4-A1C8-CE8A6404069E}"
	ProjectSection(ProjectDependencies) = postProject
		{E5BA368A-ABE9-3C34-8B35-B71206BDB25E} = {E5BA368A-ABE9-3C34-8B35-B71206BDB25E}
		{7509C019-7C93-3641-8E2D-974B2B22037E} = {7509C019-7C93-3641-8E2D-974B2B22037E}
		{56CC0675-FA9A-3B76-9264-FBED8FC13D76} = {56CC0675-FA9A-3B76-9264-FBED8FC13D76}
	EndProjectSection
EndProject
Project("{8BC9CEB8-8B4A-11D0-8D11-00A0C91BC942}") = "tutorial10_transparency", "tutorial10_transparency.vcxproj", "{DE706FA0-BE60-3BE5-B52B-21BAAE133CB4}"
	ProjectSection(ProjectDependencies) = postProject
		{E5BA368A-ABE9-3C34-8B35-B71206BDB25E} = {E5BA368A-ABE9-3C34-8B35-B71206BDB25E}
		{7509C019-7C93-3641-8E2D-974B2B22037E} = {7509C019-7C93-3641-8E2D-974B2B22037E}
		{56CC0675-FA9A-3B76-9264-FBED8FC13D76} = {56CC0675-FA9A-3B76-9264-FBED8FC13D76}
	EndProjectSection
EndProject
Project("{8BC9CEB8-8B4A-11D0-8D11-00A0C91BC942}") = "tutorial11_2d_fonts", "tutorial11_2d_fonts.vcxproj", "{D8E49ED4-E7CF-3047-9BAF-4F82477AC299}"
	ProjectSection(ProjectDependencies) = postProject
		{E5BA368A-ABE9-3C34-8B35-B71206BDB25E} = {E5BA368A-ABE9-3C34-8B35-B71206BDB25E}
		{7509C019-7C93-3641-8E2D-974B2B22037E} = {7509C019-7C93-3641-8E2D-974B2B22037E}
		{56CC0675-FA9A-3B76-9264-FBED8FC13D76} = {56CC0675-FA9A-3B76-9264-FBED8FC13D76}
	EndProjectSection
EndProject
Project("{8BC9CEB8-8B4A-11D0-8D11-00A0C91BC942}") = "tutorial12_extensions", "tutorial12_extensions.vcxproj", "{75DDB3E7-A058-3499-8CB0-BD3EC2907D26}"
	ProjectSection(ProjectDependencies) = postProject
		{E5BA368A-ABE9-3C34-8B35-B71206BDB25E} = {E5BA368A-ABE9-3C34-8B35-B71206BDB25E}
		{7509C019-7C93-3641-8E2D-974B2B22037E} = {7509C019-7C93-3641-8E2D-974B2B22037E}
		{56CC0675-FA9A-3B76-9264-FBED8FC13D76} = {56CC0675-FA9A-3B76-9264-FBED8FC13D76}
	EndProjectSection
EndProject
Project("{8BC9CEB8-8B4A-11D0-8D11-00A0C91BC942}") = "tutorial13_normal_mapping", "tutorial13_normal_mapping.vcxproj", "{640B77EC-4A09-339B-A889-59F2E631C4B9}"
	ProjectSection(ProjectDependencies) = postProject
		{E5BA368A-ABE9-3C34-8B35-B71206BDB25E} = {E5BA368A-ABE9-3C34-8B35-B71206BDB25E}
		{7509C019-7C93-3641-8E2D-974B2B22037E} = {7509C019-7C93-3641-8E2D-974B2B22037E}
		{56CC0675-FA9A-3B76-9264-FBED8FC13D76} = {56CC0675-FA9A-3B76-9264-FBED8FC13D76}
	EndProjectSection
EndProject
Project("{8BC9CEB8-8B4A-11D0-8D11-00A0C91BC942}") = "tutorial14_render_to_texture", "tutorial14_render_to_texture.vcxproj", "{E04D0ABC-22AD-3C28-B0AB-EABC6BA5957B}"
	ProjectSection(ProjectDependencies) = postProject
		{E5BA368A-ABE9-3C34-8B35-B71206BDB25E} = {E5BA368A-ABE9-3C34-8B35-B71206BDB25E}
		{7509C019-7C93-3641-8E2D-974B2B22037E} = {7509C019-7C93-3641-8E2D-974B2B22037E}
		{56CC0675-FA9A-3B76-9264-FBED8FC13D76} = {56CC0675-FA9A-3B76-9264-FBED8FC13D76}
	EndProjectSection
EndProject
Project("{8BC9CEB8-8B4A-11D0-8D11-00A0C91BC942}") = "tutorial15_lightmaps", "tutorial15_lightmaps.vcxproj", "{FDFC8F68-DFEE-3BD2-8CEE-447A98C3805C}"
	ProjectSection(ProjectDependencies) = postProject
		{E5BA368A-ABE9-3C34-8B35-B71206BDB25E} = {E5BA368A-ABE9-3C34-8B35-B71206BDB25E}
		{7509C019-7C93-3641-8E2D-974B2B22037E} = {7509C019-7C93-3641-8E2D-974B2B22037E}
		{56CC0675-FA9A-3B76-9264-FBED8FC13D76} = {56CC0675-FA9A-3B76-9264-FBED8FC13D76}
	EndProjectSection
EndProject
Project("{8BC9CEB8-8B4A-11D0-8D11-00A0C91BC942}") = "tutorial16_shadowmaps", "tutorial16_shadowmaps.vcxproj", "{E24608E8-F5F1-36D4-9242-72DAD58C9759}"
	ProjectSection(ProjectDependencies) = postProject
		{E5BA368A-ABE9-3C34-8B35-B71206BDB25E} = {E5BA368A-ABE9-3C34-8B35-B71206BDB25E}
		{7509C019-7C93-3641-8E2D-974B2B22037E} = {7509C019-7C93-3641-8E2D-974B2B22037E}
		{56CC0675-FA9A-3B76-9264-FBED8FC13D76} = {56CC0675-FA9A-3B76-9264-FBED8FC13D76}
	EndProjectSection
EndProject
Project("{8BC9CEB8-8B4A-11D0-8D11-00A0C91BC942}") = "tutorial16_shadowmaps_simple", "tutorial16_shadowmaps_simple.vcxproj", "{8730CE0B-D229-32EC-A051-9A500D73F058}"
	ProjectSection(ProjectDependencies) = postProject
		{E5BA368A-ABE9-3C34-8B35-B71206BDB25E} = {E5BA368A-ABE9-3C34-8B35-B71206BDB25E}
		{7509C019-7C93-3641-8E2D-974B2B22037E} = {7509C019-7C93-3641-8E2D-974B2B22037E}
		{56CC0675-FA9A-3B76-9264-FBED8FC13D76} = {56CC0675-FA9A-3B76-9264-FBED8FC13D76}
	EndProjectSection
EndProject
Project("{8BC9CEB8-8B4A-11D0-8D11-00A0C91BC942}") = "tutorial17_rotations", "tutorial17_rotations.vcxproj", "{03D7D3E9-59AC-3DE9-90C9-BD4C6726B864}"
	ProjectSection(ProjectDependencies) = postProject
		{5EB51523-3C90-3540-82EF-8DE39543F533} = {5EB51523-3C90-3540-82EF-8DE39543F533}
		{E5BA368A-ABE9-3C34-8B35-B71206BDB25E} = {E5BA368A-ABE9-3C34-8B35-B71206BDB25E}
		{7509C019-7C93-3641-8E2D-974B2B22037E} = {7509C019-7C93-3641-8E2D-974B2B22037E}
		{56CC0675-FA9A-3B76-9264-FBED8FC13D76} = {56CC0675-FA9A-3B76-9264-FBED8FC13D76}
	EndProjectSection
EndProject
Project("{8BC9CEB8-8B4A-11D0-8D11-00A0C91BC942}") = "tutorial18_billboards", "tutorial18_billboards.vcxproj", "{7B6F3DC3-21F5-314D-AD76-0E00ED59F13E}"
	ProjectSection(ProjectDependencies) = postProject
		{E5BA368A-ABE9-3C34-8B35-B71206BDB25E} = {E5BA368A-ABE9-3C34-8B35-B71206BDB25E}
		{7509C019-7C93-3641-8E2D-974B2B22037E} = {7509C019-7C93-3641-8E2D-974B2B22037E}
		{56CC0675-FA9A-3B76-9264-FBED8FC13D76} = {56CC0675-FA9A-3B76-9264-FBED8FC13D76}
	EndProjectSection
EndProject
Project("{8BC9CEB8-8B4A-11D0-8D11-00A0C91BC942}") = "tutorial18_particles", "tutorial18_particles.vcxproj", "{39BB8F73-75CD-3146-AF6E-545982FA87EE}"
	ProjectSection(ProjectDependencies) = postProject
		{E5BA368A-ABE9-3C34-8B35-B71206BDB25E} = {E5BA368A-ABE9-3C34-8B35-B71206BDB25E}
		{7509C019-7C93-3641-8E2D-974B2B22037E} = {7509C019-7C93-3641-8E2D-974B2B22037E}
		{56CC0675-FA9A-3B76-9264-FBED8FC13D76} = {56CC0675-FA9A-3B76-9264-FBED8FC13D76}
	EndProjectSection
EndProject
Project("{8BC9CEB8-8B4A-11D0-8D11-00A0C91BC942}") = "uninstall", "external\glfw-3.1.2\uninstall.vcxproj", "{0FA16022-B5DE-3009-80E3-66B2AA8E0E95}"
	ProjectSection(ProjectDependencies) = postProject
		{7509C019-7C93-3641-8E2D-974B2B22037E} = {7509C019-7C93-3641-8E2D-974B2B22037E}
	EndProjectSection
EndProject
Project("{8BC9CEB8-8B4A-11D0-8D11-00A0C91BC942}") = "wave", "external\glfw-3.1.2\examples\wave.vcxproj", "{8E014555-1C4A-3726-B32F-7D37A7684596}"
	ProjectSection(ProjectDependencies) = postProject
		{7509C019-7C93-3641-8E2D-974B2B22037E} = {7509C019-7C93-3641-8E2D-974B2B22037E}
		{56CC0675-FA9A-3B76-9264-FBED8FC13D76} = {56CC0675-FA9A-3B76-9264-FBED8FC13D76}
	EndProjectSection
EndProject
Project("{8BC9CEB8-8B4A-11D0-8D11-00A0C91BC942}") = "windows", "external\glfw-3.1.2\tests\windows.vcxproj", "{66E8521C-6BBD-3A56-88AD-3B4CAD44078D}"
	ProjectSection(ProjectDependencies) = postProject
		{7509C019-7C93-3641-8E2D-974B2B22037E} = {7509C019-7C93-3641-8E2D-974B2B22037E}
		{56CC0675-FA9A-3B76-9264-FBED8FC13D76} = {56CC0675-FA9A-3B76-9264-FBED8FC13D76}
	EndProjectSection
EndProject
Project("{8BC9CEB8-8B4A-11D0-8D11-00A0C91BC942}") = "zlib", "external\assimp-3.0.1270\contrib\zlib\zlib.vcxproj", "{2041A8B8-9EA1-3BD4-B97C-11B3B79FC764}"
	ProjectSection(ProjectDependencies) = postProject
		{7509C019-7C93-3641-8E2D-974B2B22037E} = {7509C019-7C93-3641-8E2D-974B2B22037E}
	EndProjectSection
EndProject
Global
	GlobalSection(SolutionConfigurationPlatforms) = preSolution
		Debug|Win32 = Debug|Win32
		Release|Win32 = Release|Win32
		MinSizeRel|Win32 = MinSizeRel|Win32
		RelWithDebInfo|Win32 = RelWithDebInfo|Win32
	EndGlobalSection
	GlobalSection(ProjectConfigurationPlatforms) = postSolution
		{A49B9D33-FAEC-356A-81B9-A4D09003A6FB}.Debug|Win32.ActiveCfg = Debug|Win32
		{A49B9D33-FAEC-356A-81B9-A4D09003A6FB}.Debug|Win32.Build.0 = Debug|Win32
		{A49B9D33-FAEC-356A-81B9-A4D09003A6FB}.Release|Win32.ActiveCfg = Release|Win32
		{A49B9D33-FAEC-356A-81B9-A4D09003A6FB}.Release|Win32.Build.0 = Release|Win32
		{A49B9D33-FAEC-356A-81B9-A4D09003A6FB}.MinSizeRel|Win32.ActiveCfg = MinSizeRel|Win32
		{A49B9D33-FAEC-356A-81B9-A4D09003A6FB}.MinSizeRel|Win32.Build.0 = MinSizeRel|Win32
		{A49B9D33-FAEC-356A-81B9-A4D09003A6FB}.RelWithDebInfo|Win32.ActiveCfg = RelWithDebInfo|Win32
		{A49B9D33-FAEC-356A-81B9-A4D09003A6FB}.RelWithDebInfo|Win32.Build.0 = RelWithDebInfo|Win32
		{5EB51523-3C90-3540-82EF-8DE39543F533}.Debug|Win32.ActiveCfg = Debug|Win32
		{5EB51523-3C90-3540-82EF-8DE39543F533}.Debug|Win32.Build.0 = Debug|Win32
		{5EB51523-3C90-3540-82EF-8DE39543F533}.Release|Win32.ActiveCfg = Release|Win32
		{5EB51523-3C90-3540-82EF-8DE39543F533}.Release|Win32.Build.0 = Release|Win32
		{5EB51523-3C90-3540-82EF-8DE39543F533}.MinSizeRel|Win32.ActiveCfg = MinSizeRel|Win32
		{5EB51523-3C90-3540-82EF-8DE39543F533}.MinSizeRel|Win32.Build.0 = MinSizeRel|Win32
		{5EB51523-3C90-3540-82EF-8DE39543F533}.RelWithDebInfo|Win32.ActiveCfg = RelWithDebInfo|Win32
		{5EB51523-3C90-3540-82EF-8DE39543F533}.RelWithDebInfo|Win32.Build.0 = RelWithDebInfo|Win32
		{E95641B1-BE04-34FF-8D1D-652860EA0D6E}.Debug|Win32.ActiveCfg = Debug|Win32
		{E95641B1-BE04-34FF-8D1D-652860EA0D6E}.Debug|Win32.Build.0 = Debug|Win32
		{E95641B1-BE04-34FF-8D1D-652860EA0D6E}.Release|Win32.ActiveCfg = Release|Win32
		{E95641B1-BE04-34FF-8D1D-652860EA0D6E}.Release|Win32.Build.0 = Release|Win32
		{E95641B1-BE04-34FF-8D1D-652860EA0D6E}.MinSizeRel|Win32.ActiveCfg = MinSizeRel|Win32
		{E95641B1-BE04-34FF-8D1D-652860EA0D6E}.MinSizeRel|Win32.Build.0 = MinSizeRel|Win32
		{E95641B1-BE04-34FF-8D1D-652860EA0D6E}.RelWithDebInfo|Win32.ActiveCfg = RelWithDebInfo|Win32
		{E95641B1-BE04-34FF-8D1D-652860EA0D6E}.RelWithDebInfo|Win32.Build.0 = RelWithDebInfo|Win32
		{E078D070-7C97-3A68-8F81-B5BD1BA3F9B0}.Debug|Win32.ActiveCfg = Debug|Win32
		{E078D070-7C97-3A68-8F81-B5BD1BA3F9B0}.Debug|Win32.Build.0 = Debug|Win32
		{E078D070-7C97-3A68-8F81-B5BD1BA3F9B0}.Release|Win32.ActiveCfg = Release|Win32
		{E078D070-7C97-3A68-8F81-B5BD1BA3F9B0}.Release|Win32.Build.0 = Release|Win32
		{E078D070-7C97-3A68-8F81-B5BD1BA3F9B0}.MinSizeRel|Win32.ActiveCfg = MinSizeRel|Win32
		{E078D070-7C97-3A68-8F81-B5BD1BA3F9B0}.MinSizeRel|Win32.Build.0 = MinSizeRel|Win32
		{E078D070-7C97-3A68-8F81-B5BD1BA3F9B0}.RelWithDebInfo|Win32.ActiveCfg = RelWithDebInfo|Win32
		{E078D070-7C97-3A68-8F81-B5BD1BA3F9B0}.RelWithDebInfo|Win32.Build.0 = RelWithDebInfo|Win32
		{F7499E9D-4660-3E8B-A476-8FA34289CEFA}.Debug|Win32.ActiveCfg = Debug|Win32
		{F7499E9D-4660-3E8B-A476-8FA34289CEFA}.Debug|Win32.Build.0 = Debug|Win32
		{F7499E9D-4660-3E8B-A476-8FA34289CEFA}.Release|Win32.ActiveCfg = Release|Win32
		{F7499E9D-4660-3E8B-A476-8FA34289CEFA}.Release|Win32.Build.0 = Release|Win32
		{F7499E9D-4660-3E8B-A476-8FA34289CEFA}.MinSizeRel|Win32.ActiveCfg = MinSizeRel|Win32
		{F7499E9D-4660-3E8B-A476-8FA34289CEFA}.MinSizeRel|Win32.Build.0 = MinSizeRel|Win32
		{F7499E9D-4660-3E8B-A476-8FA34289CEFA}.RelWithDebInfo|Win32.ActiveCfg = RelWithDebInfo|Win32
		{F7499E9D-4660-3E8B-A476-8FA34289CEFA}.RelWithDebInfo|Win32.Build.0 = RelWithDebInfo|Win32
		{E5BA368A-ABE9-3C34-8B35-B71206BDB25E}.Debug|Win32.ActiveCfg = Debug|Win32
		{E5BA368A-ABE9-3C34-8B35-B71206BDB25E}.Debug|Win32.Build.0 = Debug|Win32
		{E5BA368A-ABE9-3C34-8B35-B71206BDB25E}.Release|Win32.ActiveCfg = Release|Win32
		{E5BA368A-ABE9-3C34-8B35-B71206BDB25E}.Release|Win32.Build.0 = Release|Win32
		{E5BA368A-ABE9-3C34-8B35-B71206BDB25E}.MinSizeRel|Win32.ActiveCfg = MinSizeRel|Win32
		{E5BA368A-ABE9-3C34-8B35-B71206BDB25E}.MinSizeRel|Win32.Build.0 = MinSizeRel|Win32
		{E5BA368A-ABE9-3C34-8B35-B71206BDB25E}.RelWithDebInfo|Win32.ActiveCfg = RelWithDebInfo|Win32
		{E5BA368A-ABE9-3C34-8B35-B71206BDB25E}.RelWithDebInfo|Win32.Build.0 = RelWithDebInfo|Win32
		{1F1A5225-2EAC-355E-B73E-B112582F5CD1}.Debug|Win32.ActiveCfg = Debug|Win32
		{1F1A5225-2EAC-355E-B73E-B112582F5CD1}.Release|Win32.ActiveCfg = Release|Win32
		{1F1A5225-2EAC-355E-B73E-B112582F5CD1}.MinSizeRel|Win32.ActiveCfg = MinSizeRel|Win32
		{1F1A5225-2EAC-355E-B73E-B112582F5CD1}.RelWithDebInfo|Win32.ActiveCfg = RelWithDebInfo|Win32
		{EE3B462F-DF5E-39CB-9BD7-E8F3F8406A25}.Debug|Win32.ActiveCfg = Debug|Win32
		{EE3B462F-DF5E-39CB-9BD7-E8F3F8406A25}.Debug|Win32.Build.0 = Debug|Win32
		{EE3B462F-DF5E-39CB-9BD7-E8F3F8406A25}.Release|Win32.ActiveCfg = Release|Win32
		{EE3B462F-DF5E-39CB-9BD7-E8F3F8406A25}.Release|Win32.Build.0 = Release|Win32
		{EE3B462F-DF5E-39CB-9BD7-E8F3F8406A25}.MinSizeRel|Win32.ActiveCfg = MinSizeRel|Win32
		{EE3B462F-DF5E-39CB-9BD7-E8F3F8406A25}.MinSizeRel|Win32.Build.0 = MinSizeRel|Win32
		{EE3B462F-DF5E-39CB-9BD7-E8F3F8406A25}.RelWithDebInfo|Win32.ActiveCfg = RelWithDebInfo|Win32
		{EE3B462F-DF5E-39CB-9BD7-E8F3F8406A25}.RelWithDebInfo|Win32.Build.0 = RelWithDebInfo|Win32
		{7509C019-7C93-3641-8E2D-974B2B22037E}.Debug|Win32.ActiveCfg = Debug|Win32
		{7509C019-7C93-3641-8E2D-974B2B22037E}.Debug|Win32.Build.0 = Debug|Win32
		{7509C019-7C93-3641-8E2D-974B2B22037E}.Release|Win32.ActiveCfg = Release|Win32
		{7509C019-7C93-3641-8E2D-974B2B22037E}.Release|Win32.Build.0 = Release|Win32
		{7509C019-7C93-3641-8E2D-974B2B22037E}.MinSizeRel|Win32.ActiveCfg = MinSizeRel|Win32
		{7509C019-7C93-3641-8E2D-974B2B22037E}.MinSizeRel|Win32.Build.0 = MinSizeRel|Win32
		{7509C019-7C93-3641-8E2D-974B2B22037E}.RelWithDebInfo|Win32.ActiveCfg = RelWithDebInfo|Win32
		{7509C019-7C93-3641-8E2D-974B2B22037E}.RelWithDebInfo|Win32.Build.0 = RelWithDebInfo|Win32
		{D52B6874-E198-36CC-8D1F-1A0EFB07E1FF}.Debug|Win32.ActiveCfg = Debug|Win32
		{D52B6874-E198-36CC-8D1F-1A0EFB07E1FF}.Debug|Win32.Build.0 = Debug|Win32
		{D52B6874-E198-36CC-8D1F-1A0EFB07E1FF}.Release|Win32.ActiveCfg = Release|Win32
		{D52B6874-E198-36CC-8D1F-1A0EFB07E1FF}.Release|Win32.Build.0 = Release|Win32
		{D52B6874-E198-36CC-8D1F-1A0EFB07E1FF}.MinSizeRel|Win32.ActiveCfg = MinSizeRel|Win32
		{D52B6874-E198-36CC-8D1F-1A0EFB07E1FF}.MinSizeRel|Win32.Build.0 = MinSizeRel|Win32
		{D52B6874-E198-36CC-8D1F-1A0EFB07E1FF}.RelWithDebInfo|Win32.ActiveCfg = RelWithDebInfo|Win32
		{D52B6874-E198-36CC-8D1F-1A0EFB07E1FF}.RelWithDebInfo|Win32.Build.0 = RelWithDebInfo|Win32
		{AC206D97-3E57-379E-8817-A2136D5E74C8}.Debug|Win32.ActiveCfg = Debug|Win32
		{AC206D97-3E57-379E-8817-A2136D5E74C8}.Debug|Win32.Build.0 = Debug|Win32
		{AC206D97-3E57-379E-8817-A2136D5E74C8}.Release|Win32.ActiveCfg = Release|Win32
		{AC206D97-3E57-379E-8817-A2136D5E74C8}.Release|Win32.Build.0 = Release|Win32
		{AC206D97-3E57-379E-8817-A2136D5E74C8}.MinSizeRel|Win32.ActiveCfg = MinSizeRel|Win32
		{AC206D97-3E57-379E-8817-A2136D5E74C8}.MinSizeRel|Win32.Build.0 = MinSizeRel|Win32
		{AC206D97-3E57-379E-8817-A2136D5E74C8}.RelWithDebInfo|Win32.ActiveCfg = RelWithDebInfo|Win32
		{AC206D97-3E57-379E-8817-A2136D5E74C8}.RelWithDebInfo|Win32.Build.0 = RelWithDebInfo|Win32
		{157D2432-D26A-3BF4-A850-A6E8D989ADF2}.Debug|Win32.ActiveCfg = Debug|Win32
		{157D2432-D26A-3BF4-A850-A6E8D989ADF2}.Debug|Win32.Build.0 = Debug|Win32
		{157D2432-D26A-3BF4-A850-A6E8D989ADF2}.Release|Win32.ActiveCfg = Release|Win32
		{157D2432-D26A-3BF4-A850-A6E8D989ADF2}.Release|Win32.Build.0 = Release|Win32
		{157D2432-D26A-3BF4-A850-A6E8D989ADF2}.MinSizeRel|Win32.ActiveCfg = MinSizeRel|Win32
		{157D2432-D26A-3BF4-A850-A6E8D989ADF2}.MinSizeRel|Win32.Build.0 = MinSizeRel|Win32
		{157D2432-D26A-3BF4-A850-A6E8D989ADF2}.RelWithDebInfo|Win32.ActiveCfg = RelWithDebInfo|Win32
		{157D2432-D26A-3BF4-A850-A6E8D989ADF2}.RelWithDebInfo|Win32.Build.0 = RelWithDebInfo|Win32
		{501D2988-4ACA-3AD8-86B2-A88BA5EB2E1E}.Debug|Win32.ActiveCfg = Debug|Win32
		{501D2988-4ACA-3AD8-86B2-A88BA5EB2E1E}.Debug|Win32.Build.0 = Debug|Win32
		{501D2988-4ACA-3AD8-86B2-A88BA5EB2E1E}.Release|Win32.ActiveCfg = Release|Win32
		{501D2988-4ACA-3AD8-86B2-A88BA5EB2E1E}.Release|Win32.Build.0 = Release|Win32
		{501D2988-4ACA-3AD8-86B2-A88BA5EB2E1E}.MinSizeRel|Win32.ActiveCfg = MinSizeRel|Win32
		{501D2988-4ACA-3AD8-86B2-A88BA5EB2E1E}.MinSizeRel|Win32.Build.0 = MinSizeRel|Win32
		{501D2988-4ACA-3AD8-86B2-A88BA5EB2E1E}.RelWithDebInfo|Win32.ActiveCfg = RelWithDebInfo|Win32
		{501D2988-4ACA-3AD8-86B2-A88BA5EB2E1E}.RelWithDebInfo|Win32.Build.0 = RelWithDebInfo|Win32
		{AF6CA455-A768-3866-A759-2591AAC109E1}.Debug|Win32.ActiveCfg = Debug|Win32
		{AF6CA455-A768-3866-A759-2591AAC109E1}.Debug|Win32.Build.0 = Debug|Win32
		{AF6CA455-A768-3866-A759-2591AAC109E1}.Release|Win32.ActiveCfg = Release|Win32
		{AF6CA455-A768-3866-A759-2591AAC109E1}.Release|Win32.Build.0 = Release|Win32
		{AF6CA455-A768-3866-A759-2591AAC109E1}.MinSizeRel|Win32.ActiveCfg = MinSizeRel|Win32
		{AF6CA455-A768-3866-A759-2591AAC109E1}.MinSizeRel|Win32.Build.0 = MinSizeRel|Win32
		{AF6CA455-A768-3866-A759-2591AAC109E1}.RelWithDebInfo|Win32.ActiveCfg = RelWithDebInfo|Win32
		{AF6CA455-A768-3866-A759-2591AAC109E1}.RelWithDebInfo|Win32.Build.0 = RelWithDebInfo|Win32
		{AEBFE048-A695-30E4-97AB-D5EF43894D7B}.Debug|Win32.ActiveCfg = Debug|Win32
		{AEBFE048-A695-30E4-97AB-D5EF43894D7B}.Debug|Win32.Build.0 = Debug|Win32
		{AEBFE048-A695-30E4-97AB-D5EF43894D7B}.Release|Win32.ActiveCfg = Release|Win32
		{AEBFE048-A695-30E4-97AB-D5EF43894D7B}.Release|Win32.Build.0 = Release|Win32
		{AEBFE048-A695-30E4-97AB-D5EF43894D7B}.MinSizeRel|Win32.ActiveCfg = MinSizeRel|Win32
		{AEBFE048-A695-30E4-97AB-D5EF43894D7B}.MinSizeRel|Win32.Build.0 = MinSizeRel|Win32
		{AEBFE048-A695-30E4-97AB-D5EF43894D7B}.RelWithDebInfo|Win32.ActiveCfg = RelWithDebInfo|Win32
		{AEBFE048-A695-30E4-97AB-D5EF43894D7B}.RelWithDebInfo|Win32.Build.0 = RelWithDebInfo|Win32
		{4857D6BA-DFD1-3B1D-93D4-39B0D01E717F}.Debug|Win32.ActiveCfg = Debug|Win32
		{4857D6BA-DFD1-3B1D-93D4-39B0D01E717F}.Debug|Win32.Build.0 = Debug|Win32
		{4857D6BA-DFD1-3B1D-93D4-39B0D01E717F}.Release|Win32.ActiveCfg = Release|Win32
		{4857D6BA-DFD1-3B1D-93D4-39B0D01E717F}.Release|Win32.Build.0 = Release|Win32
		{4857D6BA-DFD1-3B1D-93D4-39B0D01E717F}.MinSizeRel|Win32.ActiveCfg = MinSizeRel|Win32
		{4857D6BA-DFD1-3B1D-93D4-39B0D01E717F}.MinSizeRel|Win32.Build.0 = MinSizeRel|Win32
		{4857D6BA-DFD1-3B1D-93D4-39B0D01E717F}.RelWithDebInfo|Win32.ActiveCfg = RelWithDebInfo|Win32
		{4857D6BA-DFD1-3B1D-93D4-39B0D01E717F}.RelWithDebInfo|Win32.Build.0 = RelWithDebInfo|Win32
		{348445AE-04D9-3175-81D1-F118CBF79C5A}.Debug|Win32.ActiveCfg = Debug|Win32
		{348445AE-04D9-3175-81D1-F118CBF79C5A}.Debug|Win32.Build.0 = Debug|Win32
		{348445AE-04D9-3175-81D1-F118CBF79C5A}.Release|Win32.ActiveCfg = Release|Win32
		{348445AE-04D9-3175-81D1-F118CBF79C5A}.Release|Win32.Build.0 = Release|Win32
		{348445AE-04D9-3175-81D1-F118CBF79C5A}.MinSizeRel|Win32.ActiveCfg = MinSizeRel|Win32
		{348445AE-04D9-3175-81D1-F118CBF79C5A}.MinSizeRel|Win32.Build.0 = MinSizeRel|Win32
		{348445AE-04D9-3175-81D1-F118CBF79C5A}.RelWithDebInfo|Win32.ActiveCfg = RelWithDebInfo|Win32
		{348445AE-04D9-3175-81D1-F118CBF79C5A}.RelWithDebInfo|Win32.Build.0 = RelWithDebInfo|Win32
		{56CC0675-FA9A-3B76-9264-FBED8FC13D76}.Debug|Win32.ActiveCfg = Debug|Win32
		{56CC0675-FA9A-3B76-9264-FBED8FC13D76}.Debug|Win32.Build.0 = Debug|Win32
		{56CC0675-FA9A-3B76-9264-FBED8FC13D76}.Release|Win32.ActiveCfg = Release|Win32
		{56CC0675-FA9A-3B76-9264-FBED8FC13D76}.Release|Win32.Build.0 = Release|Win32
		{56CC0675-FA9A-3B76-9264-FBED8FC13D76}.MinSizeRel|Win32.ActiveCfg = MinSizeRel|Win32
		{56CC0675-FA9A-3B76-9264-FBED8FC13D76}.MinSizeRel|Win32.Build.0 = MinSizeRel|Win32
		{56CC0675-FA9A-3B76-9264-FBED8FC13D76}.RelWithDebInfo|Win32.ActiveCfg = RelWithDebInfo|Win32
		{56CC0675-FA9A-3B76-9264-FBED8FC13D76}.RelWithDebInfo|Win32.Build.0 = RelWithDebInfo|Win32
		{BEDC7A01-F7A2-3622-9F89-1DC01A88B281}.Debug|Win32.ActiveCfg = Debug|Win32
		{BEDC7A01-F7A2-3622-9F89-1DC01A88B281}.Debug|Win32.Build.0 = Debug|Win32
		{BEDC7A01-F7A2-3622-9F89-1DC01A88B281}.Release|Win32.ActiveCfg = Release|Win32
		{BEDC7A01-F7A2-3622-9F89-1DC01A88B281}.Release|Win32.Build.0 = Release|Win32
		{BEDC7A01-F7A2-3622-9F89-1DC01A88B281}.MinSizeRel|Win32.ActiveCfg = MinSizeRel|Win32
		{BEDC7A01-F7A2-3622-9F89-1DC01A88B281}.MinSizeRel|Win32.Build.0 = MinSizeRel|Win32
		{BEDC7A01-F7A2-3622-9F89-1DC01A88B281}.RelWithDebInfo|Win32.ActiveCfg = RelWithDebInfo|Win32
		{BEDC7A01-F7A2-3622-9F89-1DC01A88B281}.RelWithDebInfo|Win32.Build.0 = RelWithDebInfo|Win32
		{E46515D0-69CC-361C-9DAF-33FBD704EB02}.Debug|Win32.ActiveCfg = Debug|Win32
		{E46515D0-69CC-361C-9DAF-33FBD704EB02}.Debug|Win32.Build.0 = Debug|Win32
		{E46515D0-69CC-361C-9DAF-33FBD704EB02}.Release|Win32.ActiveCfg = Release|Win32
		{E46515D0-69CC-361C-9DAF-33FBD704EB02}.Release|Win32.Build.0 = Release|Win32
		{E46515D0-69CC-361C-9DAF-33FBD704EB02}.MinSizeRel|Win32.ActiveCfg = MinSizeRel|Win32
		{E46515D0-69CC-361C-9DAF-33FBD704EB02}.MinSizeRel|Win32.Build.0 = MinSizeRel|Win32
		{E46515D0-69CC-361C-9DAF-33FBD704EB02}.RelWithDebInfo|Win32.ActiveCfg = RelWithDebInfo|Win32
		{E46515D0-69CC-361C-9DAF-33FBD704EB02}.RelWithDebInfo|Win32.Build.0 = RelWithDebInfo|Win32
		{4408DFD4-4C17-3D09-ADBC-0488C1EB2379}.Debug|Win32.ActiveCfg = Debug|Win32
		{4408DFD4-4C17-3D09-ADBC-0488C1EB2379}.Debug|Win32.Build.0 = Debug|Win32
		{4408DFD4-4C17-3D09-ADBC-0488C1EB2379}.Release|Win32.ActiveCfg = Release|Win32
		{4408DFD4-4C17-3D09-ADBC-0488C1EB2379}.Release|Win32.Build.0 = Release|Win32
		{4408DFD4-4C17-3D09-ADBC-0488C1EB2379}.MinSizeRel|Win32.ActiveCfg = MinSizeRel|Win32
		{4408DFD4-4C17-3D09-ADBC-0488C1EB2379}.MinSizeRel|Win32.Build.0 = MinSizeRel|Win32
		{4408DFD4-4C17-3D09-ADBC-0488C1EB2379}.RelWithDebInfo|Win32.ActiveCfg = RelWithDebInfo|Win32
		{4408DFD4-4C17-3D09-ADBC-0488C1EB2379}.RelWithDebInfo|Win32.Build.0 = RelWithDebInfo|Win32
		{5D1D39BB-CDB9-3E08-B4CA-147F75354A32}.Debug|Win32.ActiveCfg = Debug|Win32
		{5D1D39BB-CDB9-3E08-B4CA-147F75354A32}.Debug|Win32.Build.0 = Debug|Win32
		{5D1D39BB-CDB9-3E08-B4CA-147F75354A32}.Release|Win32.ActiveCfg = Release|Win32
		{5D1D39BB-CDB9-3E08-B4CA-147F75354A32}.Release|Win32.Build.0 = Release|Win32
		{5D1D39BB-CDB9-3E08-B4CA-147F75354A32}.MinSizeRel|Win32.ActiveCfg = MinSizeRel|Win32
		{5D1D39BB-CDB9-3E08-B4CA-147F75354A32}.MinSizeRel|Win32.Build.0 = MinSizeRel|Win32
		{5D1D39BB-CDB9-3E08-B4CA-147F75354A32}.RelWithDebInfo|Win32.ActiveCfg = RelWithDebInfo|Win32
		{5D1D39BB-CDB9-3E08-B4CA-147F75354A32}.RelWithDebInfo|Win32.Build.0 = RelWithDebInfo|Win32
		{E91DD808-DC4A-3189-ABBF-4130CCF6D2B1}.Debug|Win32.ActiveCfg = Debug|Win32
		{E91DD808-DC4A-3189-ABBF-4130CCF6D2B1}.Debug|Win32.Build.0 = Debug|Win32
		{E91DD808-DC4A-3189-ABBF-4130CCF6D2B1}.Release|Win32.ActiveCfg = Release|Win32
		{E91DD808-DC4A-3189-ABBF-4130CCF6D2B1}.Release|Win32.Build.0 = Release|Win32
		{E91DD808-DC4A-3189-ABBF-4130CCF6D2B1}.MinSizeRel|Win32.ActiveCfg = MinSizeRel|Win32
		{E91DD808-DC4A-3189-ABBF-4130CCF6D2B1}.MinSizeRel|Win32.Build.0 = MinSizeRel|Win32
		{E91DD808-DC4A-3189-ABBF-4130CCF6D2B1}.RelWithDebInfo|Win32.ActiveCfg = RelWithDebInfo|Win32
		{E91DD808-DC4A-3189-ABBF-4130CCF6D2B1}.RelWithDebInfo|Win32.Build.0 = RelWithDebInfo|Win32
		{AC9B1C68-A9CB-3805-B567-79A98509CC98}.Debug|Win32.ActiveCfg = Debug|Win32
		{AC9B1C68-A9CB-3805-B567-79A98509CC98}.Debug|Win32.Build.0 = Debug|Win32
		{AC9B1C68-A9CB-3805-B567-79A98509CC98}.Release|Win32.ActiveCfg = Release|Win32
		{AC9B1C68-A9CB-3805-B567-79A98509CC98}.Release|Win32.Build.0 = Release|Win32
		{AC9B1C68-A9CB-3805-B567-79A98509CC98}.MinSizeRel|Win32.ActiveCfg = MinSizeRel|Win32
		{AC9B1C68-A9CB-3805-B567-79A98509CC98}.MinSizeRel|Win32.Build.0 = MinSizeRel|Win32
		{AC9B1C68-A9CB-3805-B567-79A98509CC98}.RelWithDebInfo|Win32.ActiveCfg = RelWithDebInfo|Win32
		{AC9B1C68-A9CB-3805-B567-79A98509CC98}.RelWithDebInfo|Win32.Build.0 = RelWithDebInfo|Win32
		{2D9206C3-C06A-32AC-90BC-098CCF45E9BF}.Debug|Win32.ActiveCfg = Debug|Win32
		{2D9206C3-C06A-32AC-90BC-098CCF45E9BF}.Debug|Win32.Build.0 = Debug|Win32
		{2D9206C3-C06A-32AC-90BC-098CCF45E9BF}.Release|Win32.ActiveCfg = Release|Win32
		{2D9206C3-C06A-32AC-90BC-098CCF45E9BF}.Release|Win32.Build.0 = Release|Win32
		{2D9206C3-C06A-32AC-90BC-098CCF45E9BF}.MinSizeRel|Win32.ActiveCfg = MinSizeRel|Win32
		{2D9206C3-C06A-32AC-90BC-098CCF45E9BF}.MinSizeRel|Win32.Build.0 = MinSizeRel|Win32
		{2D9206C3-C06A-32AC-90BC-098CCF45E9BF}.RelWithDebInfo|Win32.ActiveCfg = RelWithDebInfo|Win32
		{2D9206C3-C06A-32AC-90BC-098CCF45E9BF}.RelWithDebInfo|Win32.Build.0 = RelWithDebInfo|Win32
		{60ABBE92-AD2E-3D9E-B645-33D9802D729C}.Debug|Win32.ActiveCfg = Debug|Win32
		{60ABBE92-AD2E-3D9E-B645-33D9802D729C}.Debug|Win32.Build.0 = Debug|Win32
		{60ABBE92-AD2E-3D9E-B645-33D9802D729C}.Release|Win32.ActiveCfg = Release|Win32
		{60ABBE92-AD2E-3D9E-B645-33D9802D729C}.Release|Win32.Build.0 = Release|Win32
		{60ABBE92-AD2E-3D9E-B645-33D9802D729C}.MinSizeRel|Win32.ActiveCfg = MinSizeRel|Win32
		{60ABBE92-AD2E-3D9E-B645-33D9802D729C}.MinSizeRel|Win32.Build.0 = MinSizeRel|Win32
		{60ABBE92-AD2E-3D9E-B645-33D9802D729C}.RelWithDebInfo|Win32.ActiveCfg = RelWithDebInfo|Win32
		{60ABBE92-AD2E-3D9E-B645-33D9802D729C}.RelWithDebInfo|Win32.Build.0 = RelWithDebInfo|Win32
		{56A6AAF6-4C3A-3164-8778-68F01D70F724}.Debug|Win32.ActiveCfg = Debug|Win32
		{56A6AAF6-4C3A-3164-8778-68F01D70F724}.Debug|Win32.Build.0 = Debug|Win32
		{56A6AAF6-4C3A-3164-8778-68F01D70F724}.Release|Win32.ActiveCfg = Release|Win32
		{56A6AAF6-4C3A-3164-8778-68F01D70F724}.Release|Win32.Build.0 = Release|Win32
		{56A6AAF6-4C3A-3164-8778-68F01D70F724}.MinSizeRel|Win32.ActiveCfg = MinSizeRel|Win32
		{56A6AAF6-4C3A-3164-8778-68F01D70F724}.MinSizeRel|Win32.Build.0 = MinSizeRel|Win32
		{56A6AAF6-4C3A-3164-8778-68F01D70F724}.RelWithDebInfo|Win32.ActiveCfg = RelWithDebInfo|Win32
		{56A6AAF6-4C3A-3164-8778-68F01D70F724}.RelWithDebInfo|Win32.Build.0 = RelWithDebInfo|Win32
		{F6990E41-3D2F-30AB-ACFC-E190BA3F9FDB}.Debug|Win32.ActiveCfg = Debug|Win32
		{F6990E41-3D2F-30AB-ACFC-E190BA3F9FDB}.Debug|Win32.Build.0 = Debug|Win32
		{F6990E41-3D2F-30AB-ACFC-E190BA3F9FDB}.Release|Win32.ActiveCfg = Release|Win32
		{F6990E41-3D2F-30AB-ACFC-E190BA3F9FDB}.Release|Win32.Build.0 = Release|Win32
		{F6990E41-3D2F-30AB-ACFC-E190BA3F9FDB}.MinSizeRel|Win32.ActiveCfg = MinSizeRel|Win32
		{F6990E41-3D2F-30AB-ACFC-E190BA3F9FDB}.MinSizeRel|Win32.Build.0 = MinSizeRel|Win32
		{F6990E41-3D2F-30AB-ACFC-E190BA3F9FDB}.RelWithDebInfo|Win32.ActiveCfg = RelWithDebInfo|Win32
		{F6990E41-3D2F-30AB-ACFC-E190BA3F9FDB}.RelWithDebInfo|Win32.Build.0 = RelWithDebInfo|Win32
		{D93FB27A-4971-3BFD-A420-557F3B75C7E9}.Debug|Win32.ActiveCfg = Debug|Win32
		{D93FB27A-4971-3BFD-A420-557F3B75C7E9}.Debug|Win32.Build.0 = Debug|Win32
		{D93FB27A-4971-3BFD-A420-557F3B75C7E9}.Release|Win32.ActiveCfg = Release|Win32
		{D93FB27A-4971-3BFD-A420-557F3B75C7E9}.Release|Win32.Build.0 = Release|Win32
		{D93FB27A-4971-3BFD-A420-557F3B75C7E9}.MinSizeRel|Win32.ActiveCfg = MinSizeRel|Win32
		{D93FB27A-4971-3BFD-A420-557F3B75C7E9}.MinSizeRel|Win32.Build.0 = MinSizeRel|Win32
		{D93FB27A-4971-3BFD-A420-557F3B75C7E9}.RelWithDebInfo|Win32.ActiveCfg = RelWithDebInfo|Win32
		{D93FB27A-4971-3BFD-A420-557F3B75C7E9}.RelWithDebInfo|Win32.Build.0 = RelWithDebInfo|Win32
		{B0DB5633-1859-3709-96E6-0D49D42514C4}.Debug|Win32.ActiveCfg = Debug|Win32
		{B0DB5633-1859-3709-96E6-0D49D42514C4}.Debug|Win32.Build.0 = Debug|Win32
		{B0DB5633-1859-3709-96E6-0D49D42514C4}.Release|Win32.ActiveCfg = Release|Win32
		{B0DB5633-1859-3709-96E6-0D49D42514C4}.Release|Win32.Build.0 = Release|Win32
		{B0DB5633-1859-3709-96E6-0D49D42514C4}.MinSizeRel|Win32.ActiveCfg = MinSizeRel|Win32
		{B0DB5633-1859-3709-96E6-0D49D42514C4}.MinSizeRel|Win32.Build.0 = MinSizeRel|Win32
		{B0DB5633-1859-3709-96E6-0D49D42514C4}.RelWithDebInfo|Win32.ActiveCfg = RelWithDebInfo|Win32
		{B0DB5633-1859-3709-96E6-0D49D42514C4}.RelWithDebInfo|Win32.Build.0 = RelWithDebInfo|Win32
		{5933854E-DF14-3773-ABAB-8E2613FCD174}.Debug|Win32.ActiveCfg = Debug|Win32
		{5933854E-DF14-3773-ABAB-8E2613FCD174}.Debug|Win32.Build.0 = Debug|Win32
		{5933854E-DF14-3773-ABAB-8E2613FCD174}.Release|Win32.ActiveCfg = Release|Win32
		{5933854E-DF14-3773-ABAB-8E2613FCD174}.Release|Win32.Build.0 = Release|Win32
		{5933854E-DF14-3773-ABAB-8E2613FCD174}.MinSizeRel|Win32.ActiveCfg = MinSizeRel|Win32
		{5933854E-DF14-3773-ABAB-8E2613FCD174}.MinSizeRel|Win32.Build.0 = MinSizeRel|Win32
		{5933854E-DF14-3773-ABAB-8E2613FCD174}.RelWithDebInfo|Win32.ActiveCfg = RelWithDebInfo|Win32
		{5933854E-DF14-3773-ABAB-8E2613FCD174}.RelWithDebInfo|Win32.Build.0 = RelWithDebInfo|Win32
		{691A6280-E75D-3815-B4E1-9FBE0C15D51F}.Debug|Win32.ActiveCfg = Debug|Win32
		{691A6280-E75D-3815-B4E1-9FBE0C15D51F}.Debug|Win32.Build.0 = Debug|Win32
		{691A6280-E75D-3815-B4E1-9FBE0C15D51F}.Release|Win32.ActiveCfg = Release|Win32
		{691A6280-E75D-3815-B4E1-9FBE0C15D51F}.Release|Win32.Build.0 = Release|Win32
		{691A6280-E75D-3815-B4E1-9FBE0C15D51F}.MinSizeRel|Win32.ActiveCfg = MinSizeRel|Win32
		{691A6280-E75D-3815-B4E1-9FBE0C15D51F}.MinSizeRel|Win32.Build.0 = MinSizeRel|Win32
		{691A6280-E75D-3815-B4E1-9FBE0C15D51F}.RelWithDebInfo|Win32.ActiveCfg = RelWithDebInfo|Win32
		{691A6280-E75D-3815-B4E1-9FBE0C15D51F}.RelWithDebInfo|Win32.Build.0 = RelWithDebInfo|Win32
		{F187B04F-8379-3722-8A7A-0B6160C8C6E8}.Debug|Win32.ActiveCfg = Debug|Win32
		{F187B04F-8379-3722-8A7A-0B6160C8C6E8}.Debug|Win32.Build.0 = Debug|Win32
		{F187B04F-8379-3722-8A7A-0B6160C8C6E8}.Release|Win32.ActiveCfg = Release|Win32
		{F187B04F-8379-3722-8A7A-0B6160C8C6E8}.Release|Win32.Build.0 = Release|Win32
		{F187B04F-8379-3722-8A7A-0B6160C8C6E8}.MinSizeRel|Win32.ActiveCfg = MinSizeRel|Win32
		{F187B04F-8379-3722-8A7A-0B6160C8C6E8}.MinSizeRel|Win32.Build.0 = MinSizeRel|Win32
		{F187B04F-8379-3722-8A7A-0B6160C8C6E8}.RelWithDebInfo|Win32.ActiveCfg = RelWithDebInfo|Win32
		{F187B04F-8379-3722-8A7A-0B6160C8C6E8}.RelWithDebInfo|Win32.Build.0 = RelWithDebInfo|Win32
		{1279F5C6-1CFE-31D5-9207-18DE8A0875B9}.Debug|Win32.ActiveCfg = Debug|Win32
		{1279F5C6-1CFE-31D5-9207-18DE8A0875B9}.Debug|Win32.Build.0 = Debug|Win32
		{1279F5C6-1CFE-31D5-9207-18DE8A0875B9}.Release|Win32.ActiveCfg = Release|Win32
		{1279F5C6-1CFE-31D5-9207-18DE8A0875B9}.Release|Win32.Build.0 = Release|Win32
		{1279F5C6-1CFE-31D5-9207-18DE8A0875B9}.MinSizeRel|Win32.ActiveCfg = MinSizeRel|Win32
		{1279F5C6-1CFE-31D5-9207-18DE8A0875B9}.MinSizeRel|Win32.Build.0 = MinSizeRel|Win32
		{1279F5C6-1CFE-31D5-9207-18DE8A0875B9}.RelWithDebInfo|Win32.ActiveCfg = RelWithDebInfo|Win32
		{1279F5C6-1CFE-31D5-9207-18DE8A0875B9}.RelWithDebInfo|Win32.Build.0 = RelWithDebInfo|Win32
		{C0A5FFA7-42C1-37FA-BDC6-52D7B2B588FA}.Debug|Win32.ActiveCfg = Debug|Win32
		{C0A5FFA7-42C1-37FA-BDC6-52D7B2B588FA}.Debug|Win32.Build.0 = Debug|Win32
		{C0A5FFA7-42C1-37FA-BDC6-52D7B2B588FA}.Release|Win32.ActiveCfg = Release|Win32
		{C0A5FFA7-42C1-37FA-BDC6-52D7B2B588FA}.Release|Win32.Build.0 = Release|Win32
		{C0A5FFA7-42C1-37FA-BDC6-52D7B2B588FA}.MinSizeRel|Win32.ActiveCfg = MinSizeRel|Win32
		{C0A5FFA7-42C1-37FA-BDC6-52D7B2B588FA}.MinSizeRel|Win32.Build.0 = MinSizeRel|Win32
		{C0A5FFA7-42C1-37FA-BDC6-52D7B2B588FA}.RelWithDebInfo|Win32.ActiveCfg = RelWithDebInfo|Win32
		{C0A5FFA7-42C1-37FA-BDC6-52D7B2B588FA}.RelWithDebInfo|Win32.Build.0 = RelWithDebInfo|Win32
		{6EE5AE06-B763-32EC-B1D8-A8923AFD1C66}.Debug|Win32.ActiveCfg = Debug|Win32
		{6EE5AE06-B763-32EC-B1D8-A8923AFD1C66}.Debug|Win32.Build.0 = Debug|Win32
		{6EE5AE06-B763-32EC-B1D8-A8923AFD1C66}.Release|Win32.ActiveCfg = Release|Win32
		{6EE5AE06-B763-32EC-B1D8-A8923AFD1C66}.Release|Win32.Build.0 = Release|Win32
		{6EE5AE06-B763-32EC-B1D8-A8923AFD1C66}.MinSizeRel|Win32.ActiveCfg = MinSizeRel|Win32
		{6EE5AE06-B763-32EC-B1D8-A8923AFD1C66}.MinSizeRel|Win32.Build.0 = MinSizeRel|Win32
		{6EE5AE06-B763-32EC-B1D8-A8923AFD1C66}.RelWithDebInfo|Win32.ActiveCfg = RelWithDebInfo|Win32
		{6EE5AE06-B763-32EC-B1D8-A8923AFD1C66}.RelWithDebInfo|Win32.Build.0 = RelWithDebInfo|Win32
		{661E53B9-21AD-3E7A-82B2-7D357BD67CEA}.Debug|Win32.ActiveCfg = Debug|Win32
		{661E53B9-21AD-3E7A-82B2-7D357BD67CEA}.Debug|Win32.Build.0 = Debug|Win32
		{661E53B9-21AD-3E7A-82B2-7D357BD67CEA}.Release|Win32.ActiveCfg = Release|Win32
		{661E53B9-21AD-3E7A-82B2-7D357BD67CEA}.Release|Win32.Build.0 = Release|Win32
		{661E53B9-21AD-3E7A-82B2-7D357BD67CEA}.MinSizeRel|Win32.ActiveCfg = MinSizeRel|Win32
		{661E53B9-21AD-3E7A-82B2-7D357BD67CEA}.MinSizeRel|Win32.Build.0 = MinSizeRel|Win32
		{661E53B9-21AD-3E7A-82B2-7D357BD67CEA}.RelWithDebInfo|Win32.ActiveCfg = RelWithDebInfo|Win32
		{661E53B9-21AD-3E7A-82B2-7D357BD67CEA}.RelWithDebInfo|Win32.Build.0 = RelWithDebInfo|Win32
		{FEBF58C8-622D-3915-8C84-3B076844082F}.Debug|Win32.ActiveCfg = Debug|Win32
		{FEBF58C8-622D-3915-8C84-3B076844082F}.Debug|Win32.Build.0 = Debug|Win32
		{FEBF58C8-622D-3915-8C84-3B076844082F}.Release|Win32.ActiveCfg = Release|Win32
		{FEBF58C8-622D-3915-8C84-3B076844082F}.Release|Win32.Build.0 = Release|Win32
		{FEBF58C8-622D-3915-8C84-3B076844082F}.MinSizeRel|Win32.ActiveCfg = MinSizeRel|Win32
		{FEBF58C8-622D-3915-8C84-3B076844082F}.MinSizeRel|Win32.Build.0 = MinSizeRel|Win32
		{FEBF58C8-622D-3915-8C84-3B076844082F}.RelWithDebInfo|Win32.ActiveCfg = RelWithDebInfo|Win32
		{FEBF58C8-622D-3915-8C84-3B076844082F}.RelWithDebInfo|Win32.Build.0 = RelWithDebInfo|Win32
		{2B286824-B780-30B8-9987-72918664EA0F}.Debug|Win32.ActiveCfg = Debug|Win32
		{2B286824-B780-30B8-9987-72918664EA0F}.Debug|Win32.Build.0 = Debug|Win32
		{2B286824-B780-30B8-9987-72918664EA0F}.Release|Win32.ActiveCfg = Release|Win32
		{2B286824-B780-30B8-9987-72918664EA0F}.Release|Win32.Build.0 = Release|Win32
		{2B286824-B780-30B8-9987-72918664EA0F}.MinSizeRel|Win32.ActiveCfg = MinSizeRel|Win32
		{2B286824-B780-30B8-9987-72918664EA0F}.MinSizeRel|Win32.Build.0 = MinSizeRel|Win32
		{2B286824-B780-30B8-9987-72918664EA0F}.RelWithDebInfo|Win32.ActiveCfg = RelWithDebInfo|Win32
		{2B286824-B780-30B8-9987-72918664EA0F}.RelWithDebInfo|Win32.Build.0 = RelWithDebInfo|Win32
		{D7BA8F3B-136B-3B4D-9D08-FCADF1E89FFC}.Debug|Win32.ActiveCfg = Debug|Win32
		{D7BA8F3B-136B-3B4D-9D08-FCADF1E89FFC}.Debug|Win32.Build.0 = Debug|Win32
		{D7BA8F3B-136B-3B4D-9D08-FCADF1E89FFC}.Release|Win32.ActiveCfg = Release|Win32
		{D7BA8F3B-136B-3B4D-9D08-FCADF1E89FFC}.Release|Win32.Build.0 = Release|Win32
		{D7BA8F3B-136B-3B4D-9D08-FCADF1E89FFC}.MinSizeRel|Win32.ActiveCfg = MinSizeRel|Win32
		{D7BA8F3B-136B-3B4D-9D08-FCADF1E89FFC}.MinSizeRel|Win32.Build.0 = MinSizeRel|Win32
		{D7BA8F3B-136B-3B4D-9D08-FCADF1E89FFC}.RelWithDebInfo|Win32.ActiveCfg = RelWithDebInfo|Win32
		{D7BA8F3B-136B-3B4D-9D08-FCADF1E89FFC}.RelWithDebInfo|Win32.Build.0 = RelWithDebInfo|Win32
		{EEE7CA9D-71C2-3201-B945-7582362B09A4}.Debug|Win32.ActiveCfg = Debug|Win32
		{EEE7CA9D-71C2-3201-B945-7582362B09A4}.Debug|Win32.Build.0 = Debug|Win32
		{EEE7CA9D-71C2-3201-B945-7582362B09A4}.Release|Win32.ActiveCfg = Release|Win32
		{EEE7CA9D-71C2-3201-B945-7582362B09A4}.Release|Win32.Build.0 = Release|Win32
		{EEE7CA9D-71C2-3201-B945-7582362B09A4}.MinSizeRel|Win32.ActiveCfg = MinSizeRel|Win32
		{EEE7CA9D-71C2-3201-B945-7582362B09A4}.MinSizeRel|Win32.Build.0 = MinSizeRel|Win32
		{EEE7CA9D-71C2-3201-B945-7582362B09A4}.RelWithDebInfo|Win32.ActiveCfg = RelWithDebInfo|Win32
		{EEE7CA9D-71C2-3201-B945-7582362B09A4}.RelWithDebInfo|Win32.Build.0 = RelWithDebInfo|Win32
		{16641E05-CE7B-377D-94FE-1137FF012F15}.Debug|Win32.ActiveCfg = Debug|Win32
		{16641E05-CE7B-377D-94FE-1137FF012F15}.Debug|Win32.Build.0 = Debug|Win32
		{16641E05-CE7B-377D-94FE-1137FF012F15}.Release|Win32.ActiveCfg = Release|Win32
		{16641E05-CE7B-377D-94FE-1137FF012F15}.Release|Win32.Build.0 = Release|Win32
		{16641E05-CE7B-377D-94FE-1137FF012F15}.MinSizeRel|Win32.ActiveCfg = MinSizeRel|Win32
		{16641E05-CE7B-377D-94FE-1137FF012F15}.MinSizeRel|Win32.Build.0 = MinSizeRel|Win32
		{16641E05-CE7B-377D-94FE-1137FF012F15}.RelWithDebInfo|Win32.ActiveCfg = RelWithDebInfo|Win32
		{16641E05-CE7B-377D-94FE-1137FF012F15}.RelWithDebInfo|Win32.Build.0 = RelWithDebInfo|Win32
		{C47F4000-0553-37CF-BE15-46AA37656A2F}.Debug|Win32.ActiveCfg = Debug|Win32
		{C47F4000-0553-37CF-BE15-46AA37656A2F}.Debug|Win32.Build.0 = Debug|Win32
		{C47F4000-0553-37CF-BE15-46AA37656A2F}.Release|Win32.ActiveCfg = Release|Win32
		{C47F4000-0553-37CF-BE15-46AA37656A2F}.Release|Win32.Build.0 = Release|Win32
		{C47F4000-0553-37CF-BE15-46AA37656A2F}.MinSizeRel|Win32.ActiveCfg = MinSizeRel|Win32
		{C47F4000-0553-37CF-BE15-46AA37656A2F}.MinSizeRel|Win32.Build.0 = MinSizeRel|Win32
		{C47F4000-0553-37CF-BE15-46AA37656A2F}.RelWithDebInfo|Win32.ActiveCfg = RelWithDebInfo|Win32
		{C47F4000-0553-37CF-BE15-46AA37656A2F}.RelWithDebInfo|Win32.Build.0 = RelWithDebInfo|Win32
		{3166FDAB-B1EE-381D-A77E-C45735A3251E}.Debug|Win32.ActiveCfg = Debug|Win32
		{3166FDAB-B1EE-381D-A77E-C45735A3251E}.Debug|Win32.Build.0 = Debug|Win32
		{3166FDAB-B1EE-381D-A77E-C45735A3251E}.Release|Win32.ActiveCfg = Release|Win32
		{3166FDAB-B1EE-381D-A77E-C45735A3251E}.Release|Win32.Build.0 = Release|Win32
		{3166FDAB-B1EE-381D-A77E-C45735A3251E}.MinSizeRel|Win32.ActiveCfg = MinSizeRel|Win32
		{3166FDAB-B1EE-381D-A77E-C45735A3251E}.MinSizeRel|Win32.Build.0 = MinSizeRel|Win32
		{3166FDAB-B1EE-381D-A77E-C45735A3251E}.RelWithDebInfo|Win32.ActiveCfg = RelWithDebInfo|Win32
		{3166FDAB-B1EE-381D-A77E-C45735A3251E}.RelWithDebInfo|Win32.Build.0 = RelWithDebInfo|Win32
		{8B548DAA-3EE2-3FE9-9AE3-68DAE89F89B1}.Debug|Win32.ActiveCfg = Debug|Win32
		{8B548DAA-3EE2-3FE9-9AE3-68DAE89F89B1}.Debug|Win32.Build.0 = Debug|Win32
		{8B548DAA-3EE2-3FE9-9AE3-68DAE89F89B1}.Release|Win32.ActiveCfg = Release|Win32
		{8B548DAA-3EE2-3FE9-9AE3-68DAE89F89B1}.Release|Win32.Build.0 = Release|Win32
		{8B548DAA-3EE2-3FE9-9AE3-68DAE89F89B1}.MinSizeRel|Win32.ActiveCfg = MinSizeRel|Win32
		{8B548DAA-3EE2-3FE9-9AE3-68DAE89F89B1}.MinSizeRel|Win32.Build.0 = MinSizeRel|Win32
		{8B548DAA-3EE2-3FE9-9AE3-68DAE89F89B1}.RelWithDebInfo|Win32.ActiveCfg = RelWithDebInfo|Win32
		{8B548DAA-3EE2-3FE9-9AE3-68DAE89F89B1}.RelWithDebInfo|Win32.Build.0 = RelWithDebInfo|Win32
		{6BC07939-797F-3731-93FB-365CC1DAAD01}.Debug|Win32.ActiveCfg = Debug|Win32
		{6BC07939-797F-3731-93FB-365CC1DAAD01}.Debug|Win32.Build.0 = Debug|Win32
		{6BC07939-797F-3731-93FB-365CC1DAAD01}.Release|Win32.ActiveCfg = Release|Win32
		{6BC07939-797F-3731-93FB-365CC1DAAD01}.Release|Win32.Build.0 = Release|Win32
		{6BC07939-797F-3731-93FB-365CC1DAAD01}.MinSizeRel|Win32.ActiveCfg = MinSizeRel|Win32
		{6BC07939-797F-3731-93FB-365CC1DAAD01}.MinSizeRel|Win32.Build.0 = MinSizeRel|Win32
		{6BC07939-797F-3731-93FB-365CC1DAAD01}.RelWithDebInfo|Win32.ActiveCfg = RelWithDebInfo|Win32
		{6BC07939-797F-3731-93FB-365CC1DAAD01}.RelWithDebInfo|Win32.Build.0 = RelWithDebInfo|Win32
		{DDB456DB-E37A-35D4-A1C8-CE8A6404069E}.Debug|Win32.ActiveCfg = Debug|Win32
		{DDB456DB-E37A-35D4-A1C8-CE8A6404069E}.Debug|Win32.Build.0 = Debug|Win32
		{DDB456DB-E37A-35D4-A1C8-CE8A6404069E}.Release|Win32.ActiveCfg = Release|Win32
		{DDB456DB-E37A-35D4-A1C8-CE8A6404069E}.Release|Win32.Build.0 = Release|Win32
		{DDB456DB-E37A-35D4-A1C8-CE8A6404069E}.MinSizeRel|Win32.ActiveCfg = MinSizeRel|Win32
		{DDB456DB-E37A-35D4-A1C8-CE8A6404069E}.MinSizeRel|Win32.Build.0 = MinSizeRel|Win32
		{DDB456DB-E37A-35D4-A1C8-CE8A6404069E}.RelWithDebInfo|Win32.ActiveCfg = RelWithDebInfo|Win32
		{DDB456DB-E37A-35D4-A1C8-CE8A6404069E}.RelWithDebInfo|Win32.Build.0 = RelWithDebInfo|Win32
		{DE706FA0-BE60-3BE5-B52B-21BAAE133CB4}.Debug|Win32.ActiveCfg = Debug|Win32
		{DE706FA0-BE60-3BE5-B52B-21BAAE133CB4}.Debug|Win32.Build.0 = Debug|Win32
		{DE706FA0-BE60-3BE5-B52B-21BAAE133CB4}.Release|Win32.ActiveCfg = Release|Win32
		{DE706FA0-BE60-3BE5-B52B-21BAAE133CB4}.Release|Win32.Build.0 = Release|Win32
		{DE706FA0-BE60-3BE5-B52B-21BAAE133CB4}.MinSizeRel|Win32.ActiveCfg = MinSizeRel|Win32
		{DE706FA0-BE60-3BE5-B52B-21BAAE133CB4}.MinSizeRel|Win32.Build.0 = MinSizeRel|Win32
		{DE706FA0-BE60-3BE5-B52B-21BAAE133CB4}.RelWithDebInfo|Win32.ActiveCfg = RelWithDebInfo|Win32
		{DE706FA0-BE60-3BE5-B52B-21BAAE133CB4}.RelWithDebInfo|Win32.Build.0 = RelWithDebInfo|Win32
		{D8E49ED4-E7CF-3047-9BAF-4F82477AC299}.Debug|Win32.ActiveCfg = Debug|Win32
		{D8E49ED4-E7CF-3047-9BAF-4F82477AC299}.Debug|Win32.Build.0 = Debug|Win32
		{D8E49ED4-E7CF-3047-9BAF-4F82477AC299}.Release|Win32.ActiveCfg = Release|Win32
		{D8E49ED4-E7CF-3047-9BAF-4F82477AC299}.Release|Win32.Build.0 = Release|Win32
		{D8E49ED4-E7CF-3047-9BAF-4F82477AC299}.MinSizeRel|Win32.ActiveCfg = MinSizeRel|Win32
		{D8E49ED4-E7CF-3047-9BAF-4F82477AC299}.MinSizeRel|Win32.Build.0 = MinSizeRel|Win32
		{D8E49ED4-E7CF-3047-9BAF-4F82477AC299}.RelWithDebInfo|Win32.ActiveCfg = RelWithDebInfo|Win32
		{D8E49ED4-E7CF-3047-9BAF-4F82477AC299}.RelWithDebInfo|Win32.Build.0 = RelWithDebInfo|Win32
		{75DDB3E7-A058-3499-8CB0-BD3EC2907D26}.Debug|Win32.ActiveCfg = Debug|Win32
		{75DDB3E7-A058-3499-8CB0-BD3EC2907D26}.Debug|Win32.Build.0 = Debug|Win32
		{75DDB3E7-A058-3499-8CB0-BD3EC2907D26}.Release|Win32.ActiveCfg = Release|Win32
		{75DDB3E7-A058-3499-8CB0-BD3EC2907D26}.Release|Win32.Build.0 = Release|Win32
		{75DDB3E7-A058-3499-8CB0-BD3EC2907D26}.MinSizeRel|Win32.ActiveCfg = MinSizeRel|Win32
		{75DDB3E7-A058-3499-8CB0-BD3EC2907D26}.MinSizeRel|Win32.Build.0 = MinSizeRel|Win32
		{75DDB3E7-A058-3499-8CB0-BD3EC2907D26}.RelWithDebInfo|Win32.ActiveCfg = RelWithDebInfo|Win32
		{75DDB3E7-A058-3499-8CB0-BD3EC2907D26}.RelWithDebInfo|Win32.Build.0 = RelWithDebInfo|Win32
		{640B77EC-4A09-339B-A889-59F2E631C4B9}.Debug|Win32.ActiveCfg = Debug|Win32
		{640B77EC-4A09-339B-A889-59F2E631C4B9}.Debug|Win32.Build.0 = Debug|Win32
		{640B77EC-4A09-339B-A889-59F2E631C4B9}.Release|Win32.ActiveCfg = Release|Win32
		{640B77EC-4A09-339B-A889-59F2E631C4B9}.Release|Win32.Build.0 = Release|Win32
		{640B77EC-4A09-339B-A889-59F2E631C4B9}.MinSizeRel|Win32.ActiveCfg = MinSizeRel|Win32
		{640B77EC-4A09-339B-A889-59F2E631C4B9}.MinSizeRel|Win32.Build.0 = MinSizeRel|Win32
		{640B77EC-4A09-339B-A889-59F2E631C4B9}.RelWithDebInfo|Win32.ActiveCfg = RelWithDebInfo|Win32
		{640B77EC-4A09-339B-A889-59F2E631C4B9}.RelWithDebInfo|Win32.Build.0 = RelWithDebInfo|Win32
		{E04D0ABC-22AD-3C28-B0AB-EABC6BA5957B}.Debug|Win32.ActiveCfg = Debug|Win32
		{E04D0ABC-22AD-3C28-B0AB-EABC6BA5957B}.Debug|Win32.Build.0 = Debug|Win32
		{E04D0ABC-22AD-3C28-B0AB-EABC6BA5957B}.Release|Win32.ActiveCfg = Release|Win32
		{E04D0ABC-22AD-3C28-B0AB-EABC6BA5957B}.Release|Win32.Build.0 = Release|Win32
		{E04D0ABC-22AD-3C28-B0AB-EABC6BA5957B}.MinSizeRel|Win32.ActiveCfg = MinSizeRel|Win32
		{E04D0ABC-22AD-3C28-B0AB-EABC6BA5957B}.MinSizeRel|Win32.Build.0 = MinSizeRel|Win32
		{E04D0ABC-22AD-3C28-B0AB-EABC6BA5957B}.RelWithDebInfo|Win32.ActiveCfg = RelWithDebInfo|Win32
		{E04D0ABC-22AD-3C28-B0AB-EABC6BA5957B}.RelWithDebInfo|Win32.Build.0 = RelWithDebInfo|Win32
		{FDFC8F68-DFEE-3BD2-8CEE-447A98C3805C}.Debug|Win32.ActiveCfg = Debug|Win32
		{FDFC8F68-DFEE-3BD2-8CEE-447A98C3805C}.Debug|Win32.Build.0 = Debug|Win32
		{FDFC8F68-DFEE-3BD2-8CEE-447A98C3805C}.Release|Win32.ActiveCfg = Release|Win32
		{FDFC8F68-DFEE-3BD2-8CEE-447A98C3805C}.Release|Win32.Build.0 = Release|Win32
		{FDFC8F68-DFEE-3BD2-8CEE-447A98C3805C}.MinSizeRel|Win32.ActiveCfg = MinSizeRel|Win32
		{FDFC8F68-DFEE-3BD2-8CEE-447A98C3805C}.MinSizeRel|Win32.Build.0 = MinSizeRel|Win32
		{FDFC8F68-DFEE-3BD2-8CEE-447A98C3805C}.RelWithDebInfo|Win32.ActiveCfg = RelWithDebInfo|Win32
		{FDFC8F68-DFEE-3BD2-8CEE-447A98C3805C}.RelWithDebInfo|Win32.Build.0 = RelWithDebInfo|Win32
		{E24608E8-F5F1-36D4-9242-72DAD58C9759}.Debug|Win32.ActiveCfg = Debug|Win32
		{E24608E8-F5F1-36D4-9242-72DAD58C9759}.Debug|Win32.Build.0 = Debug|Win32
		{E24608E8-F5F1-36D4-9242-72DAD58C9759}.Release|Win32.ActiveCfg = Release|Win32
		{E24608E8-F5F1-36D4-9242-72DAD58C9759}.Release|Win32.Build.0 = Release|Win32
		{E24608E8-F5F1-36D4-9242-72DAD58C9759}.MinSizeRel|Win32.ActiveCfg = MinSizeRel|Win32
		{E24608E8-F5F1-36D4-9242-72DAD58C9759}.MinSizeRel|Win32.Build.0 = MinSizeRel|Win32
		{E24608E8-F5F1-36D4-9242-72DAD58C9759}.RelWithDebInfo|Win32.ActiveCfg = RelWithDebInfo|Win32
		{E24608E8-F5F1-36D4-9242-72DAD58C9759}.RelWithDebInfo|Win32.Build.0 = RelWithDebInfo|Win32
		{8730CE0B-D229-32EC-A051-9A500D73F058}.Debug|Win32.ActiveCfg = Debug|Win32
		{8730CE0B-D229-32EC-A051-9A500D73F058}.Debug|Win32.Build.0 = Debug|Win32
		{8730CE0B-D229-32EC-A051-9A500D73F058}.Release|Win32.ActiveCfg = Release|Win32
		{8730CE0B-D229-32EC-A051-9A500D73F058}.Release|Win32.Build.0 = Release|Win32
		{8730CE0B-D229-32EC-A051-9A500D73F058}.MinSizeRel|Win32.ActiveCfg = MinSizeRel|Win32
		{8730CE0B-D229-32EC-A051-9A500D73F058}.MinSizeRel|Win32.Build.0 = MinSizeRel|Win32
		{8730CE0B-D229-32EC-A051-9A500D73F058}.RelWithDebInfo|Win32.ActiveCfg = RelWithDebInfo|Win32
		{8730CE0B-D229-32EC-A051-9A500D73F058}.RelWithDebInfo|Win32.Build.0 = RelWithDebInfo|Win32
		{03D7D3E9-59AC-3DE9-90C9-BD4C6726B864}.Debug|Win32.ActiveCfg = Debug|Win32
		{03D7D3E9-59AC-3DE9-90C9-BD4C6726B864}.Debug|Win32.Build.0 = Debug|Win32
		{03D7D3E9-59AC-3DE9-90C9-BD4C6726B864}.Release|Win32.ActiveCfg = Release|Win32
		{03D7D3E9-59AC-3DE9-90C9-BD4C6726B864}.Release|Win32.Build.0 = Release|Win32
		{03D7D3E9-59AC-3DE9-90C9-BD4C6726B864}.MinSizeRel|Win32.ActiveCfg = MinSizeRel|Win32
		{03D7D3E9-59AC-3DE9-90C9-BD4C6726B864}.MinSizeRel|Win32.Build.0 = MinSizeRel|Win32
		{03D7D3E9-59AC-3DE9-90C9-BD4C6726B864}.RelWithDebInfo|Win32.ActiveCfg = RelWithDebInfo|Win32
		{03D7D3E9-59AC-3DE9-90C9-BD4C6726B864}.RelWithDebInfo|Win32.Build.0 = RelWithDebInfo|Win32
		{7B6F3DC3-21F5-314D-AD76-0E00ED59F13E}.Debug|Win32.ActiveCfg = Debug|Win32
		{7B6F3DC3-21F5-314D-AD76-0E00ED59F13E}.Debug|Win32.Build.0 = Debug|Win32
		{7B6F3DC3-21F5-314D-AD76-0E00ED59F13E}.Release|Win32.ActiveCfg = Release|Win32
		{7B6F3DC3-21F5-314D-AD76-0E00ED59F13E}.Release|Win32.Build.0 = Release|Win32
		{7B6F3DC3-21F5-314D-AD76-0E00ED59F13E}.MinSizeRel|Win32.ActiveCfg = MinSizeRel|Win32
		{7B6F3DC3-21F5-314D-AD76-0E00ED59F13E}.MinSizeRel|Win32.Build.0 = MinSizeRel|Win32
		{7B6F3DC3-21F5-314D-AD76-0E00ED59F13E}.RelWithDebInfo|Win32.ActiveCfg = RelWithDebInfo|Win32
		{7B6F3DC3-21F5-314D-AD76-0E00ED59F13E}.RelWithDebInfo|Win32.Build.0 = RelWithDebInfo|Win32
		{39BB8F73-75CD-3146-AF6E-545982FA87EE}.Debug|Win32.ActiveCfg = Debug|Win32
		{39BB8F73-75CD-3146-AF6E-545982FA87EE}.Debug|Win32.Build.0 = Debug|Win32
		{39BB8F73-75CD-3146-AF6E-545982FA87EE}.Release|Win32.ActiveCfg = Release|Win32
		{39BB8F73-75CD-3146-AF6E-545982FA87EE}.Release|Win32.Build.0 = Release|Win32
		{39BB8F73-75CD-3146-AF6E-545982FA87EE}.MinSizeRel|Win32.ActiveCfg = MinSizeRel|Win32
		{39BB8F73-75CD-3146-AF6E-545982FA87EE}.MinSizeRel|Win32.Build.0 = MinSizeRel|Win32
		{39BB8F73-75CD-3146-AF6E-545982FA87EE}.RelWithDebInfo|Win32.ActiveCfg = RelWithDebInfo|Win32
		{39BB8F73-75CD-3146-AF6E-545982FA87EE}.RelWithDebInfo|Win32.Build.0 = RelWithDebInfo|Win32
		{0FA16022-B5DE-3009-80E3-66B2AA8E0E95}.Debug|Win32.ActiveCfg = Debug|Win32
		{0FA16022-B5DE-3009-80E3-66B2AA8E0E95}.Release|Win32.ActiveCfg = Release|Win32
		{0FA16022-B5DE-3009-80E3-66B2AA8E0E95}.MinSizeRel|Win32.ActiveCfg = MinSizeRel|Win32
		{0FA16022-B5DE-3009-80E3-66B2AA8E0E95}.RelWithDebInfo|Win32.ActiveCfg = RelWithDebInfo|Win32
		{8E014555-1C4A-3726-B32F-7D37A7684596}.Debug|Win32.ActiveCfg = Debug|Win32
		{8E014555-1C4A-3726-B32F-7D37A7684596}.Debug|Win32.Build.0 = Debug|Win32
		{8E014555-1C4A-3726-B32F-7D37A7684596}.Release|Win32.ActiveCfg = Release|Win32
		{8E014555-1C4A-3726-B32F-7D37A7684596}.Release|Win32.Build.0 = Release|Win32
		{8E014555-1C4A-3726-B32F-7D37A7684596}.MinSizeRel|Win32.ActiveCfg = MinSizeRel|Win32
		{8E014555-1C4A-3726-B32F-7D37A7684596}.MinSizeRel|Win32.Build.0 = MinSizeRel|Win32
		{8E014555-1C4A-3726-B32F-7D37A7684596}.RelWithDebInfo|Win32.ActiveCfg = RelWithDebInfo|Win32
		{8E014555-1C4A-3726-B32F-7D37A7684596}.RelWithDebInfo|Win32.Build.0 = RelWithDebInfo|Win32
		{66E8521C-6BBD-3A56-88AD-3B4CAD44078D}.Debug|Win32.ActiveCfg = Debug|Win32
		{66E8521C-6BBD-3A56-88AD-3B4CAD44078D}.Debug|Win32.Build.0 = Debug|Win32
		{66E8521C-6BBD-3A56-88AD-3B4CAD44078D}.Release|Win32.ActiveCfg = Release|Win32
		{66E8521C-6BBD-3A56-88AD-3B4CAD44078D}.Release|Win32.Build.0 = Release|Win32
		{66E8521C-6BBD-3A56-88AD-3B4CAD44078D}.MinSizeRel|Win32.ActiveCfg = MinSizeRel|Win32
		{66E8521C-6BBD-3A56-88AD-3B4CAD44078D}.MinSizeRel|Win32.Build.0 = MinSizeRel|Win32
		{66E8521C-6BBD-3A56-88AD-3B4CAD44078D}.RelWithDebInfo|Win32.ActiveCfg = RelWithDebInfo|Win32
		{66E8521C-6BBD-3A56-88AD-3B4CAD44078D}.RelWithDebInfo|Win32.Build.0 = RelWithDebInfo|Win32
		{2041A8B8-9EA1-3BD4-B97C-11B3B79FC764}.Debug|Win32.ActiveCfg = Debug|Win32
		{2041A8B8-9EA1-3BD4-B97C-11B3B79FC764}.Debug|Win32.Build.0 = Debug|Win32
		{2041A8B8-9EA1-3BD4-B97C-11B3B79FC764}.Release|Win32.ActiveCfg = Release|Win32
		{2041A8B8-9EA1-3BD4-B97C-11B3B79FC764}.Release|Win32.Build.0 = Release|Win32
		{2041A8B8-9EA1-3BD4-B97C-11B3B79FC764}.MinSizeRel|Win32.ActiveCfg = MinSizeRel|Win32
		{2041A8B8-9EA1-3BD4-B97C-11B3B79FC764}.MinSizeRel|Win32.Build.0 = MinSizeRel|Win32
		{2041A8B8-9EA1-3BD4-B97C-11B3B79FC764}.RelWithDebInfo|Win32.ActiveCfg = RelWithDebInfo|Win32
		{2041A8B8-9EA1-3BD4-B97C-11B3B79FC764}.RelWithDebInfo|Win32.Build.0 = RelWithDebInfo|Win32
	EndGlobalSection
	GlobalSection(NestedProjects) = preSolution
		{A49B9D33-FAEC-356A-81B9-A4D09003A6FB} = {B49AA00E-616C-3587-99A3-3898DA6E8683}
		{1F1A5225-2EAC-355E-B73E-B112582F5CD1} = {B49AA00E-616C-3587-99A3-3898DA6E8683}
		{7509C019-7C93-3641-8E2D-974B2B22037E} = {B49AA00E-616C-3587-99A3-3898DA6E8683}
		{FE021908-79EB-339B-82F2-5866B9F41114} = {E25924C9-6826-311A-9147-844A8AB8CF99}
		{CAF66CD5-DF98-3BE3-BC3A-F75E85CFEFA9} = {E25924C9-6826-311A-9147-844A8AB8CF99}
		{56CC0675-FA9A-3B76-9264-FBED8FC13D76} = {E25924C9-6826-311A-9147-844A8AB8CF99}
		{AC206D97-3E57-379E-8817-A2136D5E74C8} = {FE021908-79EB-339B-82F2-5866B9F41114}
		{348445AE-04D9-3175-81D1-F118CBF79C5A} = {FE021908-79EB-339B-82F2-5866B9F41114}
		{E46515D0-69CC-361C-9DAF-33FBD704EB02} = {FE021908-79EB-339B-82F2-5866B9F41114}
		{F6990E41-3D2F-30AB-ACFC-E190BA3F9FDB} = {FE021908-79EB-339B-82F2-5866B9F41114}
		{691A6280-E75D-3815-B4E1-9FBE0C15D51F} = {FE021908-79EB-339B-82F2-5866B9F41114}
		{F187B04F-8379-3722-8A7A-0B6160C8C6E8} = {FE021908-79EB-339B-82F2-5866B9F41114}
		{8E014555-1C4A-3726-B32F-7D37A7684596} = {FE021908-79EB-339B-82F2-5866B9F41114}
		{157D2432-D26A-3BF4-A850-A6E8D989ADF2} = {CAF66CD5-DF98-3BE3-BC3A-F75E85CFEFA9}
		{501D2988-4ACA-3AD8-86B2-A88BA5EB2E1E} = {CAF66CD5-DF98-3BE3-BC3A-F75E85CFEFA9}
		{AF6CA455-A768-3866-A759-2591AAC109E1} = {CAF66CD5-DF98-3BE3-BC3A-F75E85CFEFA9}
		{AEBFE048-A695-30E4-97AB-D5EF43894D7B} = {CAF66CD5-DF98-3BE3-BC3A-F75E85CFEFA9}
		{4857D6BA-DFD1-3B1D-93D4-39B0D01E717F} = {CAF66CD5-DF98-3BE3-BC3A-F75E85CFEFA9}
		{BEDC7A01-F7A2-3622-9F89-1DC01A88B281} = {CAF66CD5-DF98-3BE3-BC3A-F75E85CFEFA9}
		{4408DFD4-4C17-3D09-ADBC-0488C1EB2379} = {CAF66CD5-DF98-3BE3-BC3A-F75E85CFEFA9}
		{5D1D39BB-CDB9-3E08-B4CA-147F75354A32} = {CAF66CD5-DF98-3BE3-BC3A-F75E85CFEFA9}
		{60ABBE92-AD2E-3D9E-B645-33D9802D729C} = {CAF66CD5-DF98-3BE3-BC3A-F75E85CFEFA9}
		{56A6AAF6-4C3A-3164-8778-68F01D70F724} = {CAF66CD5-DF98-3BE3-BC3A-F75E85CFEFA9}
		{B0DB5633-1859-3709-96E6-0D49D42514C4} = {CAF66CD5-DF98-3BE3-BC3A-F75E85CFEFA9}
		{5933854E-DF14-3773-ABAB-8E2613FCD174} = {CAF66CD5-DF98-3BE3-BC3A-F75E85CFEFA9}
		{1279F5C6-1CFE-31D5-9207-18DE8A0875B9} = {CAF66CD5-DF98-3BE3-BC3A-F75E85CFEFA9}
		{C0A5FFA7-42C1-37FA-BDC6-52D7B2B588FA} = {CAF66CD5-DF98-3BE3-BC3A-F75E85CFEFA9}
		{6EE5AE06-B763-32EC-B1D8-A8923AFD1C66} = {CAF66CD5-DF98-3BE3-BC3A-F75E85CFEFA9}
		{66E8521C-6BBD-3A56-88AD-3B4CAD44078D} = {CAF66CD5-DF98-3BE3-BC3A-F75E85CFEFA9}
	EndGlobalSection
	GlobalSection(ExtensibilityGlobals) = postSolution
	EndGlobalSection
	GlobalSection(ExtensibilityAddIns) = postSolution
	EndGlobalSection
EndGlobal
